
Microsoft Visual Studio Solution File, Format Version 12.00
# Visual Studio 15
Project("{FAE04EC0-301F-11D3-BF4B-00C04F79EFBC}") = "UnityEngine.TestRunner", "UnityEngine.TestRunner.csproj", "{7C049232-D79C-C9E5-9719-FAE82546120E}"
EndProject
Project("{FAE04EC0-301F-11D3-BF4B-00C04F79EFBC}") = "Unity.Mathematics", "Unity.Mathematics.csproj", "{C3D46DB8-10B5-016A-FC48-F5A8479956DF}"
EndProject
Project("{FAE04EC0-301F-11D3-BF4B-00C04F79EFBC}") = "Unity.2D.Animation.Triangle.Runtime", "Unity.2D.Animation.Triangle.Runtime.csproj", "{24F71FE5-6C47-43AE-DD79-2F80A690921F}"
EndProject
Project("{FAE04EC0-301F-11D3-BF4B-00C04F79EFBC}") = "Unity.Timeline", "Unity.Timeline.csproj", "{8A65F007-56B6-918B-1F15-66CFB263CFF7}"
EndProject
Project("{FAE04EC0-301F-11D3-BF4B-00C04F79EFBC}") = "UnityEngine.UI", "UnityEngine.UI.csproj", "{4ED11007-C039-2E81-BD2A-EB0E1CCCC846}"
EndProject
Project("{FAE04EC0-301F-11D3-BF4B-00C04F79EFBC}") = "Unity.TextMeshPro", "Unity.TextMeshPro.csproj", "{370279EA-9F18-68F0-F2C8-CC15D066A9A6}"
EndProject
Project("{FAE04EC0-301F-11D3-BF4B-00C04F79EFBC}") = "Unity.2D.Animation.Runtime", "Unity.2D.Animation.Runtime.csproj", "{88D0E525-9CC1-8208-6BFC-31B6FBD30685}"
EndProject
Project("{FAE04EC0-301F-11D3-BF4B-00C04F79EFBC}") = "Unity.2D.IK.Runtime", "Unity.2D.IK.Runtime.csproj", "{18B15B07-D39C-9A45-AB22-D2714E7FAF12}"
EndProject
Project("{FAE04EC0-301F-11D3-BF4B-00C04F79EFBC}") = "Unity.2D.SpriteShape.Runtime", "Unity.2D.SpriteShape.Runtime.csproj", "{7F9EE188-4C1B-5867-6D11-A1689C678B8E}"
EndProject
Project("{FAE04EC0-301F-11D3-BF4B-00C04F79EFBC}") = "Assembly-CSharp", "Assembly-CSharp.csproj", "{BD20EED6-1CB6-85F8-03CB-A584FF1E2727}"
EndProject
Project("{FAE04EC0-301F-11D3-BF4B-00C04F79EFBC}") = "Unity.2D.PixelPerfect", "Unity.2D.PixelPerfect.csproj", "{7EFCD638-92F9-0CF7-C63D-85DDA76413E5}"
EndProject
Project("{FAE04EC0-301F-11D3-BF4B-00C04F79EFBC}") = "Unity.2D.Common.Runtime", "Unity.2D.Common.Runtime.csproj", "{FB018003-5FB6-C844-C52B-56FA4DAA1660}"
EndProject
Project("{FAE04EC0-301F-11D3-BF4B-00C04F79EFBC}") = "Unity.InternalAPIEngineBridge.001", "Unity.InternalAPIEngineBridge.001.csproj", "{7F20F758-6B28-DC75-3EAE-6F34EAE1DF7D}"
EndProject
Project("{FAE04EC0-301F-11D3-BF4B-00C04F79EFBC}") = "UnityEditor.TestRunner", "UnityEditor.TestRunner.csproj", "{B14AF203-EC85-2F2F-06CE-294D6D9C056F}"
EndProject
Project("{FAE04EC0-301F-11D3-BF4B-00C04F79EFBC}") = "Unity.PlasticSCM.Editor", "Unity.PlasticSCM.Editor.csproj", "{D0D8FE3D-81AC-887E-C364-D0A1C49EF6E1}"
EndProject
Project("{FAE04EC0-301F-11D3-BF4B-00C04F79EFBC}") = "UnityEditor.UI", "UnityEditor.UI.csproj", "{99D9F078-85E3-9750-A904-941498BE6F7C}"
EndProject
Project("{FAE04EC0-301F-11D3-BF4B-00C04F79EFBC}") = "Unity.Timeline.Editor", "Unity.Timeline.Editor.csproj", "{B87076E4-CB48-5276-FB03-A933A519EB71}"
EndProject
Project("{FAE04EC0-301F-11D3-BF4B-00C04F79EFBC}") = "Unity.VisualStudio.Editor", "Unity.VisualStudio.Editor.csproj", "{117811A2-5924-DAE8-DCF6-5C8A851B1F44}"
EndProject
Project("{FAE04EC0-301F-11D3-BF4B-00C04F79EFBC}") = "Unity.2D.Psdimporter.Editor", "Unity.2D.Psdimporter.Editor.csproj", "{38E56371-2472-BFD9-A4C8-39855B0C0237}"
EndProject
Project("{FAE04EC0-301F-11D3-BF4B-00C04F79EFBC}") = "Unity.2D.Animation.Editor", "Unity.2D.Animation.Editor.csproj", "{AFB679F4-EA4A-9DB2-C957-7FB3F78C22F6}"
EndProject
Project("{FAE04EC0-301F-11D3-BF4B-00C04F79EFBC}") = "Unity.TextMeshPro.Editor", "Unity.TextMeshPro.Editor.csproj", "{8BD222D2-065A-1DCA-CCC8-1551990F2CEF}"
EndProject
Project("{FAE04EC0-301F-11D3-BF4B-00C04F79EFBC}") = "Unity.2D.SpriteShape.Editor", "Unity.2D.SpriteShape.Editor.csproj", "{7BF1BE5C-48DA-A5C0-C8AC-08159A331310}"
EndProject
Project("{FAE04EC0-301F-11D3-BF4B-00C04F79EFBC}") = "Unity.CollabProxy.Editor", "Unity.CollabProxy.Editor.csproj", "{B6143751-A6F1-5026-5049-544A75CAEEEA}"
EndProject
Project("{FAE04EC0-301F-11D3-BF4B-00C04F79EFBC}") = "PsdPlugin", "PsdPlugin.csproj", "{05074F71-304C-37D7-D1A0-D6BABB7A9027}"
EndProject
Project("{FAE04EC0-301F-11D3-BF4B-00C04F79EFBC}") = "Unity.2D.Path.Editor", "Unity.2D.Path.Editor.csproj", "{C3DD7348-B07D-DE32-ED96-2908E96DE767}"
EndProject
Project("{FAE04EC0-301F-11D3-BF4B-00C04F79EFBC}") = "Unity.Rider.Editor", "Unity.Rider.Editor.csproj", "{670841FF-C899-8BC9-8A11-29A75E379E0D}"
EndProject
Project("{FAE04EC0-301F-11D3-BF4B-00C04F79EFBC}") = "Unity.2D.IK.Editor", "Unity.2D.IK.Editor.csproj", "{376B9C60-EAE1-A417-C59B-535458675DF7}"
EndProject
Project("{FAE04EC0-301F-11D3-BF4B-00C04F79EFBC}") = "Unity.2D.Sprite.Editor", "Unity.2D.Sprite.Editor.csproj", "{8D463EBA-915A-5286-0F26-46F7DA28657C}"
EndProject
Project("{FAE04EC0-301F-11D3-BF4B-00C04F79EFBC}") = "Unity.2D.Tilemap.Editor", "Unity.2D.Tilemap.Editor.csproj", "{15D84665-95DA-3340-37E6-DF80DB74E1DD}"
EndProject
Project("{FAE04EC0-301F-11D3-BF4B-00C04F79EFBC}") = "Unity.2D.PixelPerfect.Editor", "Unity.2D.PixelPerfect.Editor.csproj", "{BF2D83BC-570B-7FBB-6152-BA6B1222F026}"
EndProject
Project("{FAE04EC0-301F-11D3-BF4B-00C04F79EFBC}") = "Unity.VSCode.Editor", "Unity.VSCode.Editor.csproj", "{504501FC-D0E1-8307-F6D4-7617A455B6E3}"
EndProject
Project("{FAE04EC0-301F-11D3-BF4B-00C04F79EFBC}") = "Unity.2D.Common.Editor", "Unity.2D.Common.Editor.csproj", "{502F1872-4E4D-C641-865E-A6157B29243E}"
EndProject
Project("{FAE04EC0-301F-11D3-BF4B-00C04F79EFBC}") = "Unity.Mathematics.Editor", "Unity.Mathematics.Editor.csproj", "{622A6DA5-3D8F-88F2-D325-A02A2EBC2314}"
EndProject
Project("{FAE04EC0-301F-11D3-BF4B-00C04F79EFBC}") = "Unity.InternalAPIEditorBridge.001", "Unity.InternalAPIEditorBridge.001.csproj", "{A44D5DAE-2BB9-AFE4-98B8-AB3D7C779A02}"
EndProject
Project("{FAE04EC0-301F-11D3-BF4B-00C04F79EFBC}") = "UnityEngine.TestRunner", "UnityEngine.TestRunner.Player.csproj", "{332FB325-358A-A505-AC0B-DA346E2E25CA}"
EndProject
Project("{FAE04EC0-301F-11D3-BF4B-00C04F79EFBC}") = "Unity.Mathematics", "Unity.Mathematics.Player.csproj", "{992E2AE3-6F58-0079-E9CD-65343642EA96}"
EndProject
Project("{FAE04EC0-301F-11D3-BF4B-00C04F79EFBC}") = "Unity.2D.Animation.Triangle.Runtime", "Unity.2D.Animation.Triangle.Runtime.Player.csproj", "{E59D1D04-D721-3736-1261-B382FC8CFB94}"
EndProject
Project("{FAE04EC0-301F-11D3-BF4B-00C04F79EFBC}") = "Unity.Timeline", "Unity.Timeline.Player.csproj", "{F7524497-715B-C62A-C1AB-7441C60CE35B}"
EndProject
Project("{FAE04EC0-301F-11D3-BF4B-00C04F79EFBC}") = "UnityEngine.UI", "UnityEngine.UI.Player.csproj", "{4C10355A-3873-31D9-5AA4-E9D22FA50493}"
EndProject
Project("{FAE04EC0-301F-11D3-BF4B-00C04F79EFBC}") = "Unity.TextMeshPro", "Unity.TextMeshPro.Player.csproj", "{AC8F6F1C-9816-2252-5E9A-009213632972}"
EndProject
Project("{FAE04EC0-301F-11D3-BF4B-00C04F79EFBC}") = "Unity.2D.Animation.Runtime", "Unity.2D.Animation.Runtime.Player.csproj", "{5A05913E-90BF-7A56-70C0-CCC87A7D144F}"
EndProject
Project("{FAE04EC0-301F-11D3-BF4B-00C04F79EFBC}") = "Unity.2D.IK.Runtime", "Unity.2D.IK.Runtime.Player.csproj", "{806132AC-EF14-F6A7-AE98-0414315CCD6F}"
EndProject
Project("{FAE04EC0-301F-11D3-BF4B-00C04F79EFBC}") = "Unity.2D.SpriteShape.Runtime", "Unity.2D.SpriteShape.Runtime.Player.csproj", "{F71CD55C-E5E6-950A-B2AA-862577FC4802}"
EndProject
Project("{FAE04EC0-301F-11D3-BF4B-00C04F79EFBC}") = "Assembly-CSharp", "Assembly-CSharp.Player.csproj", "{6C844314-78A1-BBDC-74A5-832B229150DD}"
EndProject
Project("{FAE04EC0-301F-11D3-BF4B-00C04F79EFBC}") = "Unity.2D.PixelPerfect", "Unity.2D.PixelPerfect.Player.csproj", "{9DE8B2F6-51C7-C455-5A0F-B95CEDE1600A}"
EndProject
Project("{FAE04EC0-301F-11D3-BF4B-00C04F79EFBC}") = "Unity.2D.Common.Runtime", "Unity.2D.Common.Runtime.Player.csproj", "{921DCF59-5A2D-8C29-72F3-8419A504E8CF}"
EndProject
Project("{FAE04EC0-301F-11D3-BF4B-00C04F79EFBC}") = "Unity.InternalAPIEngineBridge.001", "Unity.InternalAPIEngineBridge.001.Player.csproj", "{C773E6EF-154A-40DF-B46E-23AC9D1B034A}"
EndProject
Global
	GlobalSection(SolutionConfigurationPlatforms) = preSolution
		Debug|Any CPU = Debug|Any CPU
		Release|Any CPU = Release|Any CPU
	EndGlobalSection
	GlobalSection(ProjectConfigurationPlatforms) = postSolution
		{7C049232-D79C-C9E5-9719-FAE82546120E}.Debug|Any CPU.ActiveCfg = Debug|Any CPU
		{7C049232-D79C-C9E5-9719-FAE82546120E}.Debug|Any CPU.Build.0 = Debug|Any CPU
		{7C049232-D79C-C9E5-9719-FAE82546120E}.Release|Any CPU.ActiveCfg = Release|Any CPU
		{7C049232-D79C-C9E5-9719-FAE82546120E}.Release|Any CPU.Build.0 = Release|Any CPU
		{C3D46DB8-10B5-016A-FC48-F5A8479956DF}.Debug|Any CPU.ActiveCfg = Debug|Any CPU
		{C3D46DB8-10B5-016A-FC48-F5A8479956DF}.Debug|Any CPU.Build.0 = Debug|Any CPU
		{C3D46DB8-10B5-016A-FC48-F5A8479956DF}.Release|Any CPU.ActiveCfg = Release|Any CPU
		{C3D46DB8-10B5-016A-FC48-F5A8479956DF}.Release|Any CPU.Build.0 = Release|Any CPU
		{24F71FE5-6C47-43AE-DD79-2F80A690921F}.Debug|Any CPU.ActiveCfg = Debug|Any CPU
		{24F71FE5-6C47-43AE-DD79-2F80A690921F}.Debug|Any CPU.Build.0 = Debug|Any CPU
		{24F71FE5-6C47-43AE-DD79-2F80A690921F}.Release|Any CPU.ActiveCfg = Release|Any CPU
		{24F71FE5-6C47-43AE-DD79-2F80A690921F}.Release|Any CPU.Build.0 = Release|Any CPU
		{8A65F007-56B6-918B-1F15-66CFB263CFF7}.Debug|Any CPU.ActiveCfg = Debug|Any CPU
		{8A65F007-56B6-918B-1F15-66CFB263CFF7}.Debug|Any CPU.Build.0 = Debug|Any CPU
		{8A65F007-56B6-918B-1F15-66CFB263CFF7}.Release|Any CPU.ActiveCfg = Release|Any CPU
		{8A65F007-56B6-918B-1F15-66CFB263CFF7}.Release|Any CPU.Build.0 = Release|Any CPU
		{4ED11007-C039-2E81-BD2A-EB0E1CCCC846}.Debug|Any CPU.ActiveCfg = Debug|Any CPU
		{4ED11007-C039-2E81-BD2A-EB0E1CCCC846}.Debug|Any CPU.Build.0 = Debug|Any CPU
		{4ED11007-C039-2E81-BD2A-EB0E1CCCC846}.Release|Any CPU.ActiveCfg = Release|Any CPU
		{4ED11007-C039-2E81-BD2A-EB0E1CCCC846}.Release|Any CPU.Build.0 = Release|Any CPU
		{370279EA-9F18-68F0-F2C8-CC15D066A9A6}.Debug|Any CPU.ActiveCfg = Debug|Any CPU
		{370279EA-9F18-68F0-F2C8-CC15D066A9A6}.Debug|Any CPU.Build.0 = Debug|Any CPU
		{370279EA-9F18-68F0-F2C8-CC15D066A9A6}.Release|Any CPU.ActiveCfg = Release|Any CPU
		{370279EA-9F18-68F0-F2C8-CC15D066A9A6}.Release|Any CPU.Build.0 = Release|Any CPU
		{88D0E525-9CC1-8208-6BFC-31B6FBD30685}.Debug|Any CPU.ActiveCfg = Debug|Any CPU
		{88D0E525-9CC1-8208-6BFC-31B6FBD30685}.Debug|Any CPU.Build.0 = Debug|Any CPU
		{88D0E525-9CC1-8208-6BFC-31B6FBD30685}.Release|Any CPU.ActiveCfg = Release|Any CPU
		{88D0E525-9CC1-8208-6BFC-31B6FBD30685}.Release|Any CPU.Build.0 = Release|Any CPU
		{18B15B07-D39C-9A45-AB22-D2714E7FAF12}.Debug|Any CPU.ActiveCfg = Debug|Any CPU
		{18B15B07-D39C-9A45-AB22-D2714E7FAF12}.Debug|Any CPU.Build.0 = Debug|Any CPU
		{18B15B07-D39C-9A45-AB22-D2714E7FAF12}.Release|Any CPU.ActiveCfg = Release|Any CPU
		{18B15B07-D39C-9A45-AB22-D2714E7FAF12}.Release|Any CPU.Build.0 = Release|Any CPU
		{7F9EE188-4C1B-5867-6D11-A1689C678B8E}.Debug|Any CPU.ActiveCfg = Debug|Any CPU
		{7F9EE188-4C1B-5867-6D11-A1689C678B8E}.Debug|Any CPU.Build.0 = Debug|Any CPU
		{7F9EE188-4C1B-5867-6D11-A1689C678B8E}.Release|Any CPU.ActiveCfg = Release|Any CPU
		{7F9EE188-4C1B-5867-6D11-A1689C678B8E}.Release|Any CPU.Build.0 = Release|Any CPU
		{BD20EED6-1CB6-85F8-03CB-A584FF1E2727}.Debug|Any CPU.ActiveCfg = Debug|Any CPU
		{BD20EED6-1CB6-85F8-03CB-A584FF1E2727}.Debug|Any CPU.Build.0 = Debug|Any CPU
		{BD20EED6-1CB6-85F8-03CB-A584FF1E2727}.Release|Any CPU.ActiveCfg = Release|Any CPU
		{BD20EED6-1CB6-85F8-03CB-A584FF1E2727}.Release|Any CPU.Build.0 = Release|Any CPU
		{7EFCD638-92F9-0CF7-C63D-85DDA76413E5}.Debug|Any CPU.ActiveCfg = Debug|Any CPU
		{7EFCD638-92F9-0CF7-C63D-85DDA76413E5}.Debug|Any CPU.Build.0 = Debug|Any CPU
		{7EFCD638-92F9-0CF7-C63D-85DDA76413E5}.Release|Any CPU.ActiveCfg = Release|Any CPU
		{7EFCD638-92F9-0CF7-C63D-85DDA76413E5}.Release|Any CPU.Build.0 = Release|Any CPU
		{FB018003-5FB6-C844-C52B-56FA4DAA1660}.Debug|Any CPU.ActiveCfg = Debug|Any CPU
		{FB018003-5FB6-C844-C52B-56FA4DAA1660}.Debug|Any CPU.Build.0 = Debug|Any CPU
		{FB018003-5FB6-C844-C52B-56FA4DAA1660}.Release|Any CPU.ActiveCfg = Release|Any CPU
		{FB018003-5FB6-C844-C52B-56FA4DAA1660}.Release|Any CPU.Build.0 = Release|Any CPU
		{7F20F758-6B28-DC75-3EAE-6F34EAE1DF7D}.Debug|Any CPU.ActiveCfg = Debug|Any CPU
		{7F20F758-6B28-DC75-3EAE-6F34EAE1DF7D}.Debug|Any CPU.Build.0 = Debug|Any CPU
		{7F20F758-6B28-DC75-3EAE-6F34EAE1DF7D}.Release|Any CPU.ActiveCfg = Release|Any CPU
		{7F20F758-6B28-DC75-3EAE-6F34EAE1DF7D}.Release|Any CPU.Build.0 = Release|Any CPU
		{B14AF203-EC85-2F2F-06CE-294D6D9C056F}.Debug|Any CPU.ActiveCfg = Debug|Any CPU
		{B14AF203-EC85-2F2F-06CE-294D6D9C056F}.Debug|Any CPU.Build.0 = Debug|Any CPU
		{B14AF203-EC85-2F2F-06CE-294D6D9C056F}.Release|Any CPU.ActiveCfg = Release|Any CPU
		{B14AF203-EC85-2F2F-06CE-294D6D9C056F}.Release|Any CPU.Build.0 = Release|Any CPU
		{D0D8FE3D-81AC-887E-C364-D0A1C49EF6E1}.Debug|Any CPU.ActiveCfg = Debug|Any CPU
		{D0D8FE3D-81AC-887E-C364-D0A1C49EF6E1}.Debug|Any CPU.Build.0 = Debug|Any CPU
		{D0D8FE3D-81AC-887E-C364-D0A1C49EF6E1}.Release|Any CPU.ActiveCfg = Release|Any CPU
		{D0D8FE3D-81AC-887E-C364-D0A1C49EF6E1}.Release|Any CPU.Build.0 = Release|Any CPU
		{99D9F078-85E3-9750-A904-941498BE6F7C}.Debug|Any CPU.ActiveCfg = Debug|Any CPU
		{99D9F078-85E3-9750-A904-941498BE6F7C}.Debug|Any CPU.Build.0 = Debug|Any CPU
		{99D9F078-85E3-9750-A904-941498BE6F7C}.Release|Any CPU.ActiveCfg = Release|Any CPU
		{99D9F078-85E3-9750-A904-941498BE6F7C}.Release|Any CPU.Build.0 = Release|Any CPU
		{B87076E4-CB48-5276-FB03-A933A519EB71}.Debug|Any CPU.ActiveCfg = Debug|Any CPU
		{B87076E4-CB48-5276-FB03-A933A519EB71}.Debug|Any CPU.Build.0 = Debug|Any CPU
		{B87076E4-CB48-5276-FB03-A933A519EB71}.Release|Any CPU.ActiveCfg = Release|Any CPU
		{B87076E4-CB48-5276-FB03-A933A519EB71}.Release|Any CPU.Build.0 = Release|Any CPU
		{117811A2-5924-DAE8-DCF6-5C8A851B1F44}.Debug|Any CPU.ActiveCfg = Debug|Any CPU
		{117811A2-5924-DAE8-DCF6-5C8A851B1F44}.Debug|Any CPU.Build.0 = Debug|Any CPU
		{117811A2-5924-DAE8-DCF6-5C8A851B1F44}.Release|Any CPU.ActiveCfg = Release|Any CPU
		{117811A2-5924-DAE8-DCF6-5C8A851B1F44}.Release|Any CPU.Build.0 = Release|Any CPU
		{38E56371-2472-BFD9-A4C8-39855B0C0237}.Debug|Any CPU.ActiveCfg = Debug|Any CPU
		{38E56371-2472-BFD9-A4C8-39855B0C0237}.Debug|Any CPU.Build.0 = Debug|Any CPU
		{38E56371-2472-BFD9-A4C8-39855B0C0237}.Release|Any CPU.ActiveCfg = Release|Any CPU
		{38E56371-2472-BFD9-A4C8-39855B0C0237}.Release|Any CPU.Build.0 = Release|Any CPU
		{AFB679F4-EA4A-9DB2-C957-7FB3F78C22F6}.Debug|Any CPU.ActiveCfg = Debug|Any CPU
		{AFB679F4-EA4A-9DB2-C957-7FB3F78C22F6}.Debug|Any CPU.Build.0 = Debug|Any CPU
		{AFB679F4-EA4A-9DB2-C957-7FB3F78C22F6}.Release|Any CPU.ActiveCfg = Release|Any CPU
		{AFB679F4-EA4A-9DB2-C957-7FB3F78C22F6}.Release|Any CPU.Build.0 = Release|Any CPU
		{8BD222D2-065A-1DCA-CCC8-1551990F2CEF}.Debug|Any CPU.ActiveCfg = Debug|Any CPU
		{8BD222D2-065A-1DCA-CCC8-1551990F2CEF}.Debug|Any CPU.Build.0 = Debug|Any CPU
		{8BD222D2-065A-1DCA-CCC8-1551990F2CEF}.Release|Any CPU.ActiveCfg = Release|Any CPU
		{8BD222D2-065A-1DCA-CCC8-1551990F2CEF}.Release|Any CPU.Build.0 = Release|Any CPU
		{7BF1BE5C-48DA-A5C0-C8AC-08159A331310}.Debug|Any CPU.ActiveCfg = Debug|Any CPU
		{7BF1BE5C-48DA-A5C0-C8AC-08159A331310}.Debug|Any CPU.Build.0 = Debug|Any CPU
		{7BF1BE5C-48DA-A5C0-C8AC-08159A331310}.Release|Any CPU.ActiveCfg = Release|Any CPU
		{7BF1BE5C-48DA-A5C0-C8AC-08159A331310}.Release|Any CPU.Build.0 = Release|Any CPU
		{B6143751-A6F1-5026-5049-544A75CAEEEA}.Debug|Any CPU.ActiveCfg = Debug|Any CPU
		{B6143751-A6F1-5026-5049-544A75CAEEEA}.Debug|Any CPU.Build.0 = Debug|Any CPU
		{B6143751-A6F1-5026-5049-544A75CAEEEA}.Release|Any CPU.ActiveCfg = Release|Any CPU
		{B6143751-A6F1-5026-5049-544A75CAEEEA}.Release|Any CPU.Build.0 = Release|Any CPU
		{05074F71-304C-37D7-D1A0-D6BABB7A9027}.Debug|Any CPU.ActiveCfg = Debug|Any CPU
		{05074F71-304C-37D7-D1A0-D6BABB7A9027}.Debug|Any CPU.Build.0 = Debug|Any CPU
		{05074F71-304C-37D7-D1A0-D6BABB7A9027}.Release|Any CPU.ActiveCfg = Release|Any CPU
		{05074F71-304C-37D7-D1A0-D6BABB7A9027}.Release|Any CPU.Build.0 = Release|Any CPU
		{C3DD7348-B07D-DE32-ED96-2908E96DE767}.Debug|Any CPU.ActiveCfg = Debug|Any CPU
		{C3DD7348-B07D-DE32-ED96-2908E96DE767}.Debug|Any CPU.Build.0 = Debug|Any CPU
		{C3DD7348-B07D-DE32-ED96-2908E96DE767}.Release|Any CPU.ActiveCfg = Release|Any CPU
		{C3DD7348-B07D-DE32-ED96-2908E96DE767}.Release|Any CPU.Build.0 = Release|Any CPU
		{670841FF-C899-8BC9-8A11-29A75E379E0D}.Debug|Any CPU.ActiveCfg = Debug|Any CPU
		{670841FF-C899-8BC9-8A11-29A75E379E0D}.Debug|Any CPU.Build.0 = Debug|Any CPU
		{670841FF-C899-8BC9-8A11-29A75E379E0D}.Release|Any CPU.ActiveCfg = Release|Any CPU
		{670841FF-C899-8BC9-8A11-29A75E379E0D}.Release|Any CPU.Build.0 = Release|Any CPU
		{376B9C60-EAE1-A417-C59B-535458675DF7}.Debug|Any CPU.ActiveCfg = Debug|Any CPU
		{376B9C60-EAE1-A417-C59B-535458675DF7}.Debug|Any CPU.Build.0 = Debug|Any CPU
		{376B9C60-EAE1-A417-C59B-535458675DF7}.Release|Any CPU.ActiveCfg = Release|Any CPU
		{376B9C60-EAE1-A417-C59B-535458675DF7}.Release|Any CPU.Build.0 = Release|Any CPU
		{8D463EBA-915A-5286-0F26-46F7DA28657C}.Debug|Any CPU.ActiveCfg = Debug|Any CPU
		{8D463EBA-915A-5286-0F26-46F7DA28657C}.Debug|Any CPU.Build.0 = Debug|Any CPU
		{8D463EBA-915A-5286-0F26-46F7DA28657C}.Release|Any CPU.ActiveCfg = Release|Any CPU
		{8D463EBA-915A-5286-0F26-46F7DA28657C}.Release|Any CPU.Build.0 = Release|Any CPU
		{15D84665-95DA-3340-37E6-DF80DB74E1DD}.Debug|Any CPU.ActiveCfg = Debug|Any CPU
		{15D84665-95DA-3340-37E6-DF80DB74E1DD}.Debug|Any CPU.Build.0 = Debug|Any CPU
		{15D84665-95DA-3340-37E6-DF80DB74E1DD}.Release|Any CPU.ActiveCfg = Release|Any CPU
		{15D84665-95DA-3340-37E6-DF80DB74E1DD}.Release|Any CPU.Build.0 = Release|Any CPU
		{BF2D83BC-570B-7FBB-6152-BA6B1222F026}.Debug|Any CPU.ActiveCfg = Debug|Any CPU
		{BF2D83BC-570B-7FBB-6152-BA6B1222F026}.Debug|Any CPU.Build.0 = Debug|Any CPU
		{BF2D83BC-570B-7FBB-6152-BA6B1222F026}.Release|Any CPU.ActiveCfg = Release|Any CPU
		{BF2D83BC-570B-7FBB-6152-BA6B1222F026}.Release|Any CPU.Build.0 = Release|Any CPU
		{504501FC-D0E1-8307-F6D4-7617A455B6E3}.Debug|Any CPU.ActiveCfg = Debug|Any CPU
		{504501FC-D0E1-8307-F6D4-7617A455B6E3}.Debug|Any CPU.Build.0 = Debug|Any CPU
		{504501FC-D0E1-8307-F6D4-7617A455B6E3}.Release|Any CPU.ActiveCfg = Release|Any CPU
		{504501FC-D0E1-8307-F6D4-7617A455B6E3}.Release|Any CPU.Build.0 = Release|Any CPU
		{502F1872-4E4D-C641-865E-A6157B29243E}.Debug|Any CPU.ActiveCfg = Debug|Any CPU
		{502F1872-4E4D-C641-865E-A6157B29243E}.Debug|Any CPU.Build.0 = Debug|Any CPU
		{502F1872-4E4D-C641-865E-A6157B29243E}.Release|Any CPU.ActiveCfg = Release|Any CPU
		{502F1872-4E4D-C641-865E-A6157B29243E}.Release|Any CPU.Build.0 = Release|Any CPU
		{622A6DA5-3D8F-88F2-D325-A02A2EBC2314}.Debug|Any CPU.ActiveCfg = Debug|Any CPU
		{622A6DA5-3D8F-88F2-D325-A02A2EBC2314}.Debug|Any CPU.Build.0 = Debug|Any CPU
		{622A6DA5-3D8F-88F2-D325-A02A2EBC2314}.Release|Any CPU.ActiveCfg = Release|Any CPU
		{622A6DA5-3D8F-88F2-D325-A02A2EBC2314}.Release|Any CPU.Build.0 = Release|Any CPU
		{A44D5DAE-2BB9-AFE4-98B8-AB3D7C779A02}.Debug|Any CPU.ActiveCfg = Debug|Any CPU
		{A44D5DAE-2BB9-AFE4-98B8-AB3D7C779A02}.Debug|Any CPU.Build.0 = Debug|Any CPU
		{A44D5DAE-2BB9-AFE4-98B8-AB3D7C779A02}.Release|Any CPU.ActiveCfg = Release|Any CPU
		{A44D5DAE-2BB9-AFE4-98B8-AB3D7C779A02}.Release|Any CPU.Build.0 = Release|Any CPU
		{332FB325-358A-A505-AC0B-DA346E2E25CA}.Debug|Any CPU.ActiveCfg = Debug|Any CPU
		{332FB325-358A-A505-AC0B-DA346E2E25CA}.Debug|Any CPU.Build.0 = Debug|Any CPU
		{332FB325-358A-A505-AC0B-DA346E2E25CA}.Release|Any CPU.ActiveCfg = Release|Any CPU
		{332FB325-358A-A505-AC0B-DA346E2E25CA}.Release|Any CPU.Build.0 = Release|Any CPU
		{992E2AE3-6F58-0079-E9CD-65343642EA96}.Debug|Any CPU.ActiveCfg = Debug|Any CPU
		{992E2AE3-6F58-0079-E9CD-65343642EA96}.Debug|Any CPU.Build.0 = Debug|Any CPU
		{992E2AE3-6F58-0079-E9CD-65343642EA96}.Release|Any CPU.ActiveCfg = Release|Any CPU
		{992E2AE3-6F58-0079-E9CD-65343642EA96}.Release|Any CPU.Build.0 = Release|Any CPU
		{E59D1D04-D721-3736-1261-B382FC8CFB94}.Debug|Any CPU.ActiveCfg = Debug|Any CPU
		{E59D1D04-D721-3736-1261-B382FC8CFB94}.Debug|Any CPU.Build.0 = Debug|Any CPU
		{E59D1D04-D721-3736-1261-B382FC8CFB94}.Release|Any CPU.ActiveCfg = Release|Any CPU
		{E59D1D04-D721-3736-1261-B382FC8CFB94}.Release|Any CPU.Build.0 = Release|Any CPU
		{F7524497-715B-C62A-C1AB-7441C60CE35B}.Debug|Any CPU.ActiveCfg = Debug|Any CPU
		{F7524497-715B-C62A-C1AB-7441C60CE35B}.Debug|Any CPU.Build.0 = Debug|Any CPU
		{F7524497-715B-C62A-C1AB-7441C60CE35B}.Release|Any CPU.ActiveCfg = Release|Any CPU
		{F7524497-715B-C62A-C1AB-7441C60CE35B}.Release|Any CPU.Build.0 = Release|Any CPU
		{4C10355A-3873-31D9-5AA4-E9D22FA50493}.Debug|Any CPU.ActiveCfg = Debug|Any CPU
		{4C10355A-3873-31D9-5AA4-E9D22FA50493}.Debug|Any CPU.Build.0 = Debug|Any CPU
		{4C10355A-3873-31D9-5AA4-E9D22FA50493}.Release|Any CPU.ActiveCfg = Release|Any CPU
		{4C10355A-3873-31D9-5AA4-E9D22FA50493}.Release|Any CPU.Build.0 = Release|Any CPU
		{AC8F6F1C-9816-2252-5E9A-009213632972}.Debug|Any CPU.ActiveCfg = Debug|Any CPU
		{AC8F6F1C-9816-2252-5E9A-009213632972}.Debug|Any CPU.Build.0 = Debug|Any CPU
		{AC8F6F1C-9816-2252-5E9A-009213632972}.Release|Any CPU.ActiveCfg = Release|Any CPU
		{AC8F6F1C-9816-2252-5E9A-009213632972}.Release|Any CPU.Build.0 = Release|Any CPU
		{5A05913E-90BF-7A56-70C0-CCC87A7D144F}.Debug|Any CPU.ActiveCfg = Debug|Any CPU
		{5A05913E-90BF-7A56-70C0-CCC87A7D144F}.Debug|Any CPU.Build.0 = Debug|Any CPU
		{5A05913E-90BF-7A56-70C0-CCC87A7D144F}.Release|Any CPU.ActiveCfg = Release|Any CPU
		{5A05913E-90BF-7A56-70C0-CCC87A7D144F}.Release|Any CPU.Build.0 = Release|Any CPU
		{806132AC-EF14-F6A7-AE98-0414315CCD6F}.Debug|Any CPU.ActiveCfg = Debug|Any CPU
		{806132AC-EF14-F6A7-AE98-0414315CCD6F}.Debug|Any CPU.Build.0 = Debug|Any CPU
		{806132AC-EF14-F6A7-AE98-0414315CCD6F}.Release|Any CPU.ActiveCfg = Release|Any CPU
		{806132AC-EF14-F6A7-AE98-0414315CCD6F}.Release|Any CPU.Build.0 = Release|Any CPU
		{F71CD55C-E5E6-950A-B2AA-862577FC4802}.Debug|Any CPU.ActiveCfg = Debug|Any CPU
		{F71CD55C-E5E6-950A-B2AA-862577FC4802}.Debug|Any CPU.Build.0 = Debug|Any CPU
		{F71CD55C-E5E6-950A-B2AA-862577FC4802}.Release|Any CPU.ActiveCfg = Release|Any CPU
		{F71CD55C-E5E6-950A-B2AA-862577FC4802}.Release|Any CPU.Build.0 = Release|Any CPU
		{6C844314-78A1-BBDC-74A5-832B229150DD}.Debug|Any CPU.ActiveCfg = Debug|Any CPU
		{6C844314-78A1-BBDC-74A5-832B229150DD}.Debug|Any CPU.Build.0 = Debug|Any CPU
		{6C844314-78A1-BBDC-74A5-832B229150DD}.Release|Any CPU.ActiveCfg = Release|Any CPU
		{6C844314-78A1-BBDC-74A5-832B229150DD}.Release|Any CPU.Build.0 = Release|Any CPU
		{9DE8B2F6-51C7-C455-5A0F-B95CEDE1600A}.Debug|Any CPU.ActiveCfg = Debug|Any CPU
		{9DE8B2F6-51C7-C455-5A0F-B95CEDE1600A}.Debug|Any CPU.Build.0 = Debug|Any CPU
		{9DE8B2F6-51C7-C455-5A0F-B95CEDE1600A}.Release|Any CPU.ActiveCfg = Release|Any CPU
		{9DE8B2F6-51C7-C455-5A0F-B95CEDE1600A}.Release|Any CPU.Build.0 = Release|Any CPU
		{921DCF59-5A2D-8C29-72F3-8419A504E8CF}.Debug|Any CPU.ActiveCfg = Debug|Any CPU
		{921DCF59-5A2D-8C29-72F3-8419A504E8CF}.Debug|Any CPU.Build.0 = Debug|Any CPU
		{921DCF59-5A2D-8C29-72F3-8419A504E8CF}.Release|Any CPU.ActiveCfg = Release|Any CPU
		{921DCF59-5A2D-8C29-72F3-8419A504E8CF}.Release|Any CPU.Build.0 = Release|Any CPU
		{C773E6EF-154A-40DF-B46E-23AC9D1B034A}.Debug|Any CPU.ActiveCfg = Debug|Any CPU
		{C773E6EF-154A-40DF-B46E-23AC9D1B034A}.Debug|Any CPU.Build.0 = Debug|Any CPU
		{C773E6EF-154A-40DF-B46E-23AC9D1B034A}.Release|Any CPU.ActiveCfg = Release|Any CPU
		{C773E6EF-154A-40DF-B46E-23AC9D1B034A}.Release|Any CPU.Build.0 = Release|Any CPU
	EndGlobalSection
	GlobalSection(SolutionProperties) = preSolution
		HideSolutionNode = FALSE
	EndGlobalSection
EndGlobal
