
Microsoft Visual Studio Solution File, Format Version 12.00
# Visual Studio 15
Project("{FAE04EC0-301F-11D3-BF4B-00C04F79EFBC}") = "UnityEngine.TestRunner", "UnityEngine.TestRunner.csproj", "{F1A160CF-BC56-2A86-D6DC-40E147AE348D}"
EndProject
Project("{FAE04EC0-301F-11D3-BF4B-00C04F79EFBC}") = "Unity.Mathematics", "Unity.Mathematics.csproj", "{290FB04F-0828-9997-1013-45DA2B6049FC}"
EndProject
Project("{FAE04EC0-301F-11D3-BF4B-00C04F79EFBC}") = "Unity.2D.Animation.Triangle.Runtime", "Unity.2D.Animation.Triangle.Runtime.csproj", "{BD515000-A86E-12E5-108C-AC4ECE02602A}"
EndProject
Project("{FAE04EC0-301F-11D3-BF4B-00C04F79EFBC}") = "Unity.Timeline", "Unity.Timeline.csproj", "{A158DF07-9225-41BF-C113-38A9763C781A}"
EndProject
Project("{FAE04EC0-301F-11D3-BF4B-00C04F79EFBC}") = "UnityEngine.UI", "UnityEngine.UI.csproj", "{45635AB7-89C0-82A9-906C-5E8011C27250}"
EndProject
Project("{FAE04EC0-301F-11D3-BF4B-00C04F79EFBC}") = "Unity.TextMeshPro", "Unity.TextMeshPro.csproj", "{CD3E5767-1042-26B7-98DF-650DAEC29DB6}"
EndProject
Project("{FAE04EC0-301F-11D3-BF4B-00C04F79EFBC}") = "Unity.2D.Animation.Runtime", "Unity.2D.Animation.Runtime.csproj", "{F7783B05-E332-60B9-1505-53977EFD869E}"
EndProject
Project("{FAE04EC0-301F-11D3-BF4B-00C04F79EFBC}") = "Assembly-CSharp", "Assembly-CSharp.csproj", "{6F103CCC-A42F-C3B0-6498-D4D0E7E71A83}"
EndProject
Project("{FAE04EC0-301F-11D3-BF4B-00C04F79EFBC}") = "Unity.2D.IK.Runtime", "Unity.2D.IK.Runtime.csproj", "{8D0FD438-C58F-C326-3C3D-DB97E1028D1B}"
EndProject
Project("{FAE04EC0-301F-11D3-BF4B-00C04F79EFBC}") = "Unity.2D.SpriteShape.Runtime", "Unity.2D.SpriteShape.Runtime.csproj", "{0CDCF30F-E315-C635-6C63-C3A2FA457AFA}"
EndProject
Project("{FAE04EC0-301F-11D3-BF4B-00C04F79EFBC}") = "Unity.2D.PixelPerfect", "Unity.2D.PixelPerfect.csproj", "{B32EEB22-AADC-0F8D-BCE3-460F848B3C67}"
EndProject
Project("{FAE04EC0-301F-11D3-BF4B-00C04F79EFBC}") = "Unity.2D.Common.Runtime", "Unity.2D.Common.Runtime.csproj", "{B7EF2388-F183-3774-F3A8-E98F983217DA}"
EndProject
Project("{FAE04EC0-301F-11D3-BF4B-00C04F79EFBC}") = "Unity.InternalAPIEngineBridge.001", "Unity.InternalAPIEngineBridge.001.csproj", "{1DB51B64-18A3-F6CF-E79E-B39B36950258}"
EndProject
Project("{FAE04EC0-301F-11D3-BF4B-00C04F79EFBC}") = "UnityEditor.TestRunner", "UnityEditor.TestRunner.csproj", "{EDD9AEEF-FFCA-E571-220E-16FEAE619014}"
EndProject
Project("{FAE04EC0-301F-11D3-BF4B-00C04F79EFBC}") = "Unity.PlasticSCM.Editor", "Unity.PlasticSCM.Editor.csproj", "{41880A14-AEBF-6637-5D0F-1212F8287D6C}"
EndProject
Project("{FAE04EC0-301F-11D3-BF4B-00C04F79EFBC}") = "UnityEditor.UI", "UnityEditor.UI.csproj", "{8A6AF5A9-6B21-DB47-5185-8709F2E1D25C}"
EndProject
Project("{FAE04EC0-301F-11D3-BF4B-00C04F79EFBC}") = "Unity.Timeline.Editor", "Unity.Timeline.Editor.csproj", "{92CFD691-6BD2-F4BF-A50B-C6E36ABE2622}"
EndProject
Project("{FAE04EC0-301F-11D3-BF4B-00C04F79EFBC}") = "Unity.VisualStudio.Editor", "Unity.VisualStudio.Editor.csproj", "{2E588D0C-4C9D-A096-2855-E2418A2190B2}"
EndProject
Project("{FAE04EC0-301F-11D3-BF4B-00C04F79EFBC}") = "Unity.2D.Psdimporter.Editor", "Unity.2D.Psdimporter.Editor.csproj", "{EB4FABC2-363F-8BA9-3576-9297F2E1B370}"
EndProject
Project("{FAE04EC0-301F-11D3-BF4B-00C04F79EFBC}") = "Unity.2D.Animation.Editor", "Unity.2D.Animation.Editor.csproj", "{0CEEECB0-48EE-8009-243E-180380D7C30F}"
EndProject
Project("{FAE04EC0-301F-11D3-BF4B-00C04F79EFBC}") = "Unity.TextMeshPro.Editor", "Unity.TextMeshPro.Editor.csproj", "{EAE46BEA-C9F1-AB76-EC86-494B57862450}"
EndProject
Project("{FAE04EC0-301F-11D3-BF4B-00C04F79EFBC}") = "Unity.2D.SpriteShape.Editor", "Unity.2D.SpriteShape.Editor.csproj", "{EF693CF5-9A56-9F4A-A78B-E14148CB54C0}"
EndProject
Project("{FAE04EC0-301F-11D3-BF4B-00C04F79EFBC}") = "Unity.CollabProxy.Editor", "Unity.CollabProxy.Editor.csproj", "{2FD394EE-31E0-1037-C59F-C1FA8412A60F}"
EndProject
Project("{FAE04EC0-301F-11D3-BF4B-00C04F79EFBC}") = "PsdPlugin", "PsdPlugin.csproj", "{B50E7DC9-CA55-3846-C465-640C019E7160}"
EndProject
Project("{FAE04EC0-301F-11D3-BF4B-00C04F79EFBC}") = "Unity.2D.Path.Editor", "Unity.2D.Path.Editor.csproj", "{2F016126-A78C-D499-12E0-0EEB9101422B}"
EndProject
Project("{FAE04EC0-301F-11D3-BF4B-00C04F79EFBC}") = "Unity.Rider.Editor", "Unity.Rider.Editor.csproj", "{BD45C21C-64C2-151F-5451-0411F3E49305}"
EndProject
Project("{FAE04EC0-301F-11D3-BF4B-00C04F79EFBC}") = "Unity.2D.IK.Editor", "Unity.2D.IK.Editor.csproj", "{B8171197-0509-3309-AE64-AF9803843361}"
EndProject
Project("{FAE04EC0-301F-11D3-BF4B-00C04F79EFBC}") = "Unity.2D.Sprite.Editor", "Unity.2D.Sprite.Editor.csproj", "{5494A5C6-88D3-1C52-1ECA-97D5C27ECD00}"
EndProject
Project("{FAE04EC0-301F-11D3-BF4B-00C04F79EFBC}") = "Unity.2D.Tilemap.Editor", "Unity.2D.Tilemap.Editor.csproj", "{6F0705F2-F9B9-D99A-F034-BE49D8F9AF08}"
EndProject
Project("{FAE04EC0-301F-11D3-BF4B-00C04F79EFBC}") = "Unity.2D.PixelPerfect.Editor", "Unity.2D.PixelPerfect.Editor.csproj", "{F88C962A-F603-6113-BF9A-14D16C7533DA}"
EndProject
Project("{FAE04EC0-301F-11D3-BF4B-00C04F79EFBC}") = "Unity.VSCode.Editor", "Unity.VSCode.Editor.csproj", "{F5F2F644-A007-A0D6-05CC-5316BE9E6841}"
EndProject
Project("{FAE04EC0-301F-11D3-BF4B-00C04F79EFBC}") = "Unity.2D.Common.Editor", "Unity.2D.Common.Editor.csproj", "{E18F001C-90F4-508A-233B-6B11ED2168F0}"
EndProject
Project("{FAE04EC0-301F-11D3-BF4B-00C04F79EFBC}") = "Unity.Mathematics.Editor", "Unity.Mathematics.Editor.csproj", "{B6906D3D-3324-8D77-FF2C-C61B9D9B5508}"
EndProject
Project("{FAE04EC0-301F-11D3-BF4B-00C04F79EFBC}") = "Unity.InternalAPIEditorBridge.001", "Unity.InternalAPIEditorBridge.001.csproj", "{CC8A8498-C496-1F03-E510-1A31A4FEBE1E}"
EndProject
Project("{FAE04EC0-301F-11D3-BF4B-00C04F79EFBC}") = "UnityEngine.TestRunner", "UnityEngine.TestRunner.Player.csproj", "{0EA40195-04C3-6BA0-22C3-5455B4DF6D01}"
EndProject
Project("{FAE04EC0-301F-11D3-BF4B-00C04F79EFBC}") = "Unity.Mathematics", "Unity.Mathematics.Player.csproj", "{BFCC22ED-7624-11AE-DCE2-85223F3EE2C5}"
EndProject
Project("{FAE04EC0-301F-11D3-BF4B-00C04F79EFBC}") = "Unity.2D.Animation.Triangle.Runtime", "Unity.2D.Animation.Triangle.Runtime.Player.csproj", "{6C8E513F-EDA4-3012-EA2E-E59A0EA92727}"
EndProject
Project("{FAE04EC0-301F-11D3-BF4B-00C04F79EFBC}") = "Unity.Timeline", "Unity.Timeline.Player.csproj", "{F3CC14FB-F9D7-614C-374E-EEF42549EDE9}"
EndProject
Project("{FAE04EC0-301F-11D3-BF4B-00C04F79EFBC}") = "UnityEngine.UI", "UnityEngine.UI.Player.csproj", "{091C8F34-2FF7-A2FD-F9A9-C0868316FCF0}"
EndProject
Project("{FAE04EC0-301F-11D3-BF4B-00C04F79EFBC}") = "Unity.TextMeshPro", "Unity.TextMeshPro.Player.csproj", "{AE96EE14-77D8-3C14-B4D6-39A9EA8B0FC2}"
EndProject
Project("{FAE04EC0-301F-11D3-BF4B-00C04F79EFBC}") = "Unity.2D.Animation.Runtime", "Unity.2D.Animation.Runtime.Player.csproj", "{6E23C5DF-D980-4E05-D16C-66283DB4DE66}"
EndProject
Project("{FAE04EC0-301F-11D3-BF4B-00C04F79EFBC}") = "Assembly-CSharp", "Assembly-CSharp.Player.csproj", "{CE6550B9-1BE7-FF6C-1128-C0D2D592E6AA}"
EndProject
Project("{FAE04EC0-301F-11D3-BF4B-00C04F79EFBC}") = "Unity.2D.IK.Runtime", "Unity.2D.IK.Runtime.Player.csproj", "{10C54F97-6359-4A97-5A94-1E2A04F856A9}"
EndProject
Project("{FAE04EC0-301F-11D3-BF4B-00C04F79EFBC}") = "Unity.2D.SpriteShape.Runtime", "Unity.2D.SpriteShape.Runtime.Player.csproj", "{87B346B0-284B-254B-C81E-6FEB6A3D9594}"
EndProject
Project("{FAE04EC0-301F-11D3-BF4B-00C04F79EFBC}") = "Unity.2D.PixelPerfect", "Unity.2D.PixelPerfect.Player.csproj", "{A9E550B2-F3B1-36C1-70DD-B0B32E4FA02D}"
EndProject
Project("{FAE04EC0-301F-11D3-BF4B-00C04F79EFBC}") = "Unity.2D.Common.Runtime", "Unity.2D.Common.Runtime.Player.csproj", "{CF0BD1A7-18AB-36D3-4ADC-B1319C2C081C}"
EndProject
Project("{FAE04EC0-301F-11D3-BF4B-00C04F79EFBC}") = "Unity.InternalAPIEngineBridge.001", "Unity.InternalAPIEngineBridge.001.Player.csproj", "{879EF6C0-8D17-0875-1B4A-E69391063321}"
EndProject
Global
	GlobalSection(SolutionConfigurationPlatforms) = preSolution
		Debug|Any CPU = Debug|Any CPU
		Release|Any CPU = Release|Any CPU
	EndGlobalSection
	GlobalSection(ProjectConfigurationPlatforms) = postSolution
		{F1A160CF-BC56-2A86-D6DC-40E147AE348D}.Debug|Any CPU.ActiveCfg = Debug|Any CPU
		{F1A160CF-BC56-2A86-D6DC-40E147AE348D}.Debug|Any CPU.Build.0 = Debug|Any CPU
		{F1A160CF-BC56-2A86-D6DC-40E147AE348D}.Release|Any CPU.ActiveCfg = Release|Any CPU
		{F1A160CF-BC56-2A86-D6DC-40E147AE348D}.Release|Any CPU.Build.0 = Release|Any CPU
		{290FB04F-0828-9997-1013-45DA2B6049FC}.Debug|Any CPU.ActiveCfg = Debug|Any CPU
		{290FB04F-0828-9997-1013-45DA2B6049FC}.Debug|Any CPU.Build.0 = Debug|Any CPU
		{290FB04F-0828-9997-1013-45DA2B6049FC}.Release|Any CPU.ActiveCfg = Release|Any CPU
		{290FB04F-0828-9997-1013-45DA2B6049FC}.Release|Any CPU.Build.0 = Release|Any CPU
		{BD515000-A86E-12E5-108C-AC4ECE02602A}.Debug|Any CPU.ActiveCfg = Debug|Any CPU
		{BD515000-A86E-12E5-108C-AC4ECE02602A}.Debug|Any CPU.Build.0 = Debug|Any CPU
		{BD515000-A86E-12E5-108C-AC4ECE02602A}.Release|Any CPU.ActiveCfg = Release|Any CPU
		{BD515000-A86E-12E5-108C-AC4ECE02602A}.Release|Any CPU.Build.0 = Release|Any CPU
		{A158DF07-9225-41BF-C113-38A9763C781A}.Debug|Any CPU.ActiveCfg = Debug|Any CPU
		{A158DF07-9225-41BF-C113-38A9763C781A}.Debug|Any CPU.Build.0 = Debug|Any CPU
		{A158DF07-9225-41BF-C113-38A9763C781A}.Release|Any CPU.ActiveCfg = Release|Any CPU
		{A158DF07-9225-41BF-C113-38A9763C781A}.Release|Any CPU.Build.0 = Release|Any CPU
		{45635AB7-89C0-82A9-906C-5E8011C27250}.Debug|Any CPU.ActiveCfg = Debug|Any CPU
		{45635AB7-89C0-82A9-906C-5E8011C27250}.Debug|Any CPU.Build.0 = Debug|Any CPU
		{45635AB7-89C0-82A9-906C-5E8011C27250}.Release|Any CPU.ActiveCfg = Release|Any CPU
		{45635AB7-89C0-82A9-906C-5E8011C27250}.Release|Any CPU.Build.0 = Release|Any CPU
		{CD3E5767-1042-26B7-98DF-650DAEC29DB6}.Debug|Any CPU.ActiveCfg = Debug|Any CPU
		{CD3E5767-1042-26B7-98DF-650DAEC29DB6}.Debug|Any CPU.Build.0 = Debug|Any CPU
		{CD3E5767-1042-26B7-98DF-650DAEC29DB6}.Release|Any CPU.ActiveCfg = Release|Any CPU
		{CD3E5767-1042-26B7-98DF-650DAEC29DB6}.Release|Any CPU.Build.0 = Release|Any CPU
		{F7783B05-E332-60B9-1505-53977EFD869E}.Debug|Any CPU.ActiveCfg = Debug|Any CPU
		{F7783B05-E332-60B9-1505-53977EFD869E}.Debug|Any CPU.Build.0 = Debug|Any CPU
		{F7783B05-E332-60B9-1505-53977EFD869E}.Release|Any CPU.ActiveCfg = Release|Any CPU
		{F7783B05-E332-60B9-1505-53977EFD869E}.Release|Any CPU.Build.0 = Release|Any CPU
		{6F103CCC-A42F-C3B0-6498-D4D0E7E71A83}.Debug|Any CPU.ActiveCfg = Debug|Any CPU
		{6F103CCC-A42F-C3B0-6498-D4D0E7E71A83}.Debug|Any CPU.Build.0 = Debug|Any CPU
		{6F103CCC-A42F-C3B0-6498-D4D0E7E71A83}.Release|Any CPU.ActiveCfg = Release|Any CPU
		{6F103CCC-A42F-C3B0-6498-D4D0E7E71A83}.Release|Any CPU.Build.0 = Release|Any CPU
		{8D0FD438-C58F-C326-3C3D-DB97E1028D1B}.Debug|Any CPU.ActiveCfg = Debug|Any CPU
		{8D0FD438-C58F-C326-3C3D-DB97E1028D1B}.Debug|Any CPU.Build.0 = Debug|Any CPU
		{8D0FD438-C58F-C326-3C3D-DB97E1028D1B}.Release|Any CPU.ActiveCfg = Release|Any CPU
		{8D0FD438-C58F-C326-3C3D-DB97E1028D1B}.Release|Any CPU.Build.0 = Release|Any CPU
		{0CDCF30F-E315-C635-6C63-C3A2FA457AFA}.Debug|Any CPU.ActiveCfg = Debug|Any CPU
		{0CDCF30F-E315-C635-6C63-C3A2FA457AFA}.Debug|Any CPU.Build.0 = Debug|Any CPU
		{0CDCF30F-E315-C635-6C63-C3A2FA457AFA}.Release|Any CPU.ActiveCfg = Release|Any CPU
		{0CDCF30F-E315-C635-6C63-C3A2FA457AFA}.Release|Any CPU.Build.0 = Release|Any CPU
		{B32EEB22-AADC-0F8D-BCE3-460F848B3C67}.Debug|Any CPU.ActiveCfg = Debug|Any CPU
		{B32EEB22-AADC-0F8D-BCE3-460F848B3C67}.Debug|Any CPU.Build.0 = Debug|Any CPU
		{B32EEB22-AADC-0F8D-BCE3-460F848B3C67}.Release|Any CPU.ActiveCfg = Release|Any CPU
		{B32EEB22-AADC-0F8D-BCE3-460F848B3C67}.Release|Any CPU.Build.0 = Release|Any CPU
		{B7EF2388-F183-3774-F3A8-E98F983217DA}.Debug|Any CPU.ActiveCfg = Debug|Any CPU
		{B7EF2388-F183-3774-F3A8-E98F983217DA}.Debug|Any CPU.Build.0 = Debug|Any CPU
		{B7EF2388-F183-3774-F3A8-E98F983217DA}.Release|Any CPU.ActiveCfg = Release|Any CPU
		{B7EF2388-F183-3774-F3A8-E98F983217DA}.Release|Any CPU.Build.0 = Release|Any CPU
		{1DB51B64-18A3-F6CF-E79E-B39B36950258}.Debug|Any CPU.ActiveCfg = Debug|Any CPU
		{1DB51B64-18A3-F6CF-E79E-B39B36950258}.Debug|Any CPU.Build.0 = Debug|Any CPU
		{1DB51B64-18A3-F6CF-E79E-B39B36950258}.Release|Any CPU.ActiveCfg = Release|Any CPU
		{1DB51B64-18A3-F6CF-E79E-B39B36950258}.Release|Any CPU.Build.0 = Release|Any CPU
		{EDD9AEEF-FFCA-E571-220E-16FEAE619014}.Debug|Any CPU.ActiveCfg = Debug|Any CPU
		{EDD9AEEF-FFCA-E571-220E-16FEAE619014}.Debug|Any CPU.Build.0 = Debug|Any CPU
		{EDD9AEEF-FFCA-E571-220E-16FEAE619014}.Release|Any CPU.ActiveCfg = Release|Any CPU
		{EDD9AEEF-FFCA-E571-220E-16FEAE619014}.Release|Any CPU.Build.0 = Release|Any CPU
		{41880A14-AEBF-6637-5D0F-1212F8287D6C}.Debug|Any CPU.ActiveCfg = Debug|Any CPU
		{41880A14-AEBF-6637-5D0F-1212F8287D6C}.Debug|Any CPU.Build.0 = Debug|Any CPU
		{41880A14-AEBF-6637-5D0F-1212F8287D6C}.Release|Any CPU.ActiveCfg = Release|Any CPU
		{41880A14-AEBF-6637-5D0F-1212F8287D6C}.Release|Any CPU.Build.0 = Release|Any CPU
		{8A6AF5A9-6B21-DB47-5185-8709F2E1D25C}.Debug|Any CPU.ActiveCfg = Debug|Any CPU
		{8A6AF5A9-6B21-DB47-5185-8709F2E1D25C}.Debug|Any CPU.Build.0 = Debug|Any CPU
		{8A6AF5A9-6B21-DB47-5185-8709F2E1D25C}.Release|Any CPU.ActiveCfg = Release|Any CPU
		{8A6AF5A9-6B21-DB47-5185-8709F2E1D25C}.Release|Any CPU.Build.0 = Release|Any CPU
		{92CFD691-6BD2-F4BF-A50B-C6E36ABE2622}.Debug|Any CPU.ActiveCfg = Debug|Any CPU
		{92CFD691-6BD2-F4BF-A50B-C6E36ABE2622}.Debug|Any CPU.Build.0 = Debug|Any CPU
		{92CFD691-6BD2-F4BF-A50B-C6E36ABE2622}.Release|Any CPU.ActiveCfg = Release|Any CPU
		{92CFD691-6BD2-F4BF-A50B-C6E36ABE2622}.Release|Any CPU.Build.0 = Release|Any CPU
		{2E588D0C-4C9D-A096-2855-E2418A2190B2}.Debug|Any CPU.ActiveCfg = Debug|Any CPU
		{2E588D0C-4C9D-A096-2855-E2418A2190B2}.Debug|Any CPU.Build.0 = Debug|Any CPU
		{2E588D0C-4C9D-A096-2855-E2418A2190B2}.Release|Any CPU.ActiveCfg = Release|Any CPU
		{2E588D0C-4C9D-A096-2855-E2418A2190B2}.Release|Any CPU.Build.0 = Release|Any CPU
		{EB4FABC2-363F-8BA9-3576-9297F2E1B370}.Debug|Any CPU.ActiveCfg = Debug|Any CPU
		{EB4FABC2-363F-8BA9-3576-9297F2E1B370}.Debug|Any CPU.Build.0 = Debug|Any CPU
		{EB4FABC2-363F-8BA9-3576-9297F2E1B370}.Release|Any CPU.ActiveCfg = Release|Any CPU
		{EB4FABC2-363F-8BA9-3576-9297F2E1B370}.Release|Any CPU.Build.0 = Release|Any CPU
		{0CEEECB0-48EE-8009-243E-180380D7C30F}.Debug|Any CPU.ActiveCfg = Debug|Any CPU
		{0CEEECB0-48EE-8009-243E-180380D7C30F}.Debug|Any CPU.Build.0 = Debug|Any CPU
		{0CEEECB0-48EE-8009-243E-180380D7C30F}.Release|Any CPU.ActiveCfg = Release|Any CPU
		{0CEEECB0-48EE-8009-243E-180380D7C30F}.Release|Any CPU.Build.0 = Release|Any CPU
		{EAE46BEA-C9F1-AB76-EC86-494B57862450}.Debug|Any CPU.ActiveCfg = Debug|Any CPU
		{EAE46BEA-C9F1-AB76-EC86-494B57862450}.Debug|Any CPU.Build.0 = Debug|Any CPU
		{EAE46BEA-C9F1-AB76-EC86-494B57862450}.Release|Any CPU.ActiveCfg = Release|Any CPU
		{EAE46BEA-C9F1-AB76-EC86-494B57862450}.Release|Any CPU.Build.0 = Release|Any CPU
		{EF693CF5-9A56-9F4A-A78B-E14148CB54C0}.Debug|Any CPU.ActiveCfg = Debug|Any CPU
		{EF693CF5-9A56-9F4A-A78B-E14148CB54C0}.Debug|Any CPU.Build.0 = Debug|Any CPU
		{EF693CF5-9A56-9F4A-A78B-E14148CB54C0}.Release|Any CPU.ActiveCfg = Release|Any CPU
		{EF693CF5-9A56-9F4A-A78B-E14148CB54C0}.Release|Any CPU.Build.0 = Release|Any CPU
		{2FD394EE-31E0-1037-C59F-C1FA8412A60F}.Debug|Any CPU.ActiveCfg = Debug|Any CPU
		{2FD394EE-31E0-1037-C59F-C1FA8412A60F}.Debug|Any CPU.Build.0 = Debug|Any CPU
		{2FD394EE-31E0-1037-C59F-C1FA8412A60F}.Release|Any CPU.ActiveCfg = Release|Any CPU
		{2FD394EE-31E0-1037-C59F-C1FA8412A60F}.Release|Any CPU.Build.0 = Release|Any CPU
		{B50E7DC9-CA55-3846-C465-640C019E7160}.Debug|Any CPU.ActiveCfg = Debug|Any CPU
		{B50E7DC9-CA55-3846-C465-640C019E7160}.Debug|Any CPU.Build.0 = Debug|Any CPU
		{B50E7DC9-CA55-3846-C465-640C019E7160}.Release|Any CPU.ActiveCfg = Release|Any CPU
		{B50E7DC9-CA55-3846-C465-640C019E7160}.Release|Any CPU.Build.0 = Release|Any CPU
		{2F016126-A78C-D499-12E0-0EEB9101422B}.Debug|Any CPU.ActiveCfg = Debug|Any CPU
		{2F016126-A78C-D499-12E0-0EEB9101422B}.Debug|Any CPU.Build.0 = Debug|Any CPU
		{2F016126-A78C-D499-12E0-0EEB9101422B}.Release|Any CPU.ActiveCfg = Release|Any CPU
		{2F016126-A78C-D499-12E0-0EEB9101422B}.Release|Any CPU.Build.0 = Release|Any CPU
		{BD45C21C-64C2-151F-5451-0411F3E49305}.Debug|Any CPU.ActiveCfg = Debug|Any CPU
		{BD45C21C-64C2-151F-5451-0411F3E49305}.Debug|Any CPU.Build.0 = Debug|Any CPU
		{BD45C21C-64C2-151F-5451-0411F3E49305}.Release|Any CPU.ActiveCfg = Release|Any CPU
		{BD45C21C-64C2-151F-5451-0411F3E49305}.Release|Any CPU.Build.0 = Release|Any CPU
		{B8171197-0509-3309-AE64-AF9803843361}.Debug|Any CPU.ActiveCfg = Debug|Any CPU
		{B8171197-0509-3309-AE64-AF9803843361}.Debug|Any CPU.Build.0 = Debug|Any CPU
		{B8171197-0509-3309-AE64-AF9803843361}.Release|Any CPU.ActiveCfg = Release|Any CPU
		{B8171197-0509-3309-AE64-AF9803843361}.Release|Any CPU.Build.0 = Release|Any CPU
		{5494A5C6-88D3-1C52-1ECA-97D5C27ECD00}.Debug|Any CPU.ActiveCfg = Debug|Any CPU
		{5494A5C6-88D3-1C52-1ECA-97D5C27ECD00}.Debug|Any CPU.Build.0 = Debug|Any CPU
		{5494A5C6-88D3-1C52-1ECA-97D5C27ECD00}.Release|Any CPU.ActiveCfg = Release|Any CPU
		{5494A5C6-88D3-1C52-1ECA-97D5C27ECD00}.Release|Any CPU.Build.0 = Release|Any CPU
		{6F0705F2-F9B9-D99A-F034-BE49D8F9AF08}.Debug|Any CPU.ActiveCfg = Debug|Any CPU
		{6F0705F2-F9B9-D99A-F034-BE49D8F9AF08}.Debug|Any CPU.Build.0 = Debug|Any CPU
		{6F0705F2-F9B9-D99A-F034-BE49D8F9AF08}.Release|Any CPU.ActiveCfg = Release|Any CPU
		{6F0705F2-F9B9-D99A-F034-BE49D8F9AF08}.Release|Any CPU.Build.0 = Release|Any CPU
		{F88C962A-F603-6113-BF9A-14D16C7533DA}.Debug|Any CPU.ActiveCfg = Debug|Any CPU
		{F88C962A-F603-6113-BF9A-14D16C7533DA}.Debug|Any CPU.Build.0 = Debug|Any CPU
		{F88C962A-F603-6113-BF9A-14D16C7533DA}.Release|Any CPU.ActiveCfg = Release|Any CPU
		{F88C962A-F603-6113-BF9A-14D16C7533DA}.Release|Any CPU.Build.0 = Release|Any CPU
		{F5F2F644-A007-A0D6-05CC-5316BE9E6841}.Debug|Any CPU.ActiveCfg = Debug|Any CPU
		{F5F2F644-A007-A0D6-05CC-5316BE9E6841}.Debug|Any CPU.Build.0 = Debug|Any CPU
		{F5F2F644-A007-A0D6-05CC-5316BE9E6841}.Release|Any CPU.ActiveCfg = Release|Any CPU
		{F5F2F644-A007-A0D6-05CC-5316BE9E6841}.Release|Any CPU.Build.0 = Release|Any CPU
		{E18F001C-90F4-508A-233B-6B11ED2168F0}.Debug|Any CPU.ActiveCfg = Debug|Any CPU
		{E18F001C-90F4-508A-233B-6B11ED2168F0}.Debug|Any CPU.Build.0 = Debug|Any CPU
		{E18F001C-90F4-508A-233B-6B11ED2168F0}.Release|Any CPU.ActiveCfg = Release|Any CPU
		{E18F001C-90F4-508A-233B-6B11ED2168F0}.Release|Any CPU.Build.0 = Release|Any CPU
		{B6906D3D-3324-8D77-FF2C-C61B9D9B5508}.Debug|Any CPU.ActiveCfg = Debug|Any CPU
		{B6906D3D-3324-8D77-FF2C-C61B9D9B5508}.Debug|Any CPU.Build.0 = Debug|Any CPU
		{B6906D3D-3324-8D77-FF2C-C61B9D9B5508}.Release|Any CPU.ActiveCfg = Release|Any CPU
		{B6906D3D-3324-8D77-FF2C-C61B9D9B5508}.Release|Any CPU.Build.0 = Release|Any CPU
		{CC8A8498-C496-1F03-E510-1A31A4FEBE1E}.Debug|Any CPU.ActiveCfg = Debug|Any CPU
		{CC8A8498-C496-1F03-E510-1A31A4FEBE1E}.Debug|Any CPU.Build.0 = Debug|Any CPU
		{CC8A8498-C496-1F03-E510-1A31A4FEBE1E}.Release|Any CPU.ActiveCfg = Release|Any CPU
		{CC8A8498-C496-1F03-E510-1A31A4FEBE1E}.Release|Any CPU.Build.0 = Release|Any CPU
		{0EA40195-04C3-6BA0-22C3-5455B4DF6D01}.Debug|Any CPU.ActiveCfg = Debug|Any CPU
		{0EA40195-04C3-6BA0-22C3-5455B4DF6D01}.Debug|Any CPU.Build.0 = Debug|Any CPU
		{0EA40195-04C3-6BA0-22C3-5455B4DF6D01}.Release|Any CPU.ActiveCfg = Release|Any CPU
		{0EA40195-04C3-6BA0-22C3-5455B4DF6D01}.Release|Any CPU.Build.0 = Release|Any CPU
		{BFCC22ED-7624-11AE-DCE2-85223F3EE2C5}.Debug|Any CPU.ActiveCfg = Debug|Any CPU
		{BFCC22ED-7624-11AE-DCE2-85223F3EE2C5}.Debug|Any CPU.Build.0 = Debug|Any CPU
		{BFCC22ED-7624-11AE-DCE2-85223F3EE2C5}.Release|Any CPU.ActiveCfg = Release|Any CPU
		{BFCC22ED-7624-11AE-DCE2-85223F3EE2C5}.Release|Any CPU.Build.0 = Release|Any CPU
		{6C8E513F-EDA4-3012-EA2E-E59A0EA92727}.Debug|Any CPU.ActiveCfg = Debug|Any CPU
		{6C8E513F-EDA4-3012-EA2E-E59A0EA92727}.Debug|Any CPU.Build.0 = Debug|Any CPU
		{6C8E513F-EDA4-3012-EA2E-E59A0EA92727}.Release|Any CPU.ActiveCfg = Release|Any CPU
		{6C8E513F-EDA4-3012-EA2E-E59A0EA92727}.Release|Any CPU.Build.0 = Release|Any CPU
		{F3CC14FB-F9D7-614C-374E-EEF42549EDE9}.Debug|Any CPU.ActiveCfg = Debug|Any CPU
		{F3CC14FB-F9D7-614C-374E-EEF42549EDE9}.Debug|Any CPU.Build.0 = Debug|Any CPU
		{F3CC14FB-F9D7-614C-374E-EEF42549EDE9}.Release|Any CPU.ActiveCfg = Release|Any CPU
		{F3CC14FB-F9D7-614C-374E-EEF42549EDE9}.Release|Any CPU.Build.0 = Release|Any CPU
		{091C8F34-2FF7-A2FD-F9A9-C0868316FCF0}.Debug|Any CPU.ActiveCfg = Debug|Any CPU
		{091C8F34-2FF7-A2FD-F9A9-C0868316FCF0}.Debug|Any CPU.Build.0 = Debug|Any CPU
		{091C8F34-2FF7-A2FD-F9A9-C0868316FCF0}.Release|Any CPU.ActiveCfg = Release|Any CPU
		{091C8F34-2FF7-A2FD-F9A9-C0868316FCF0}.Release|Any CPU.Build.0 = Release|Any CPU
		{AE96EE14-77D8-3C14-B4D6-39A9EA8B0FC2}.Debug|Any CPU.ActiveCfg = Debug|Any CPU
		{AE96EE14-77D8-3C14-B4D6-39A9EA8B0FC2}.Debug|Any CPU.Build.0 = Debug|Any CPU
		{AE96EE14-77D8-3C14-B4D6-39A9EA8B0FC2}.Release|Any CPU.ActiveCfg = Release|Any CPU
		{AE96EE14-77D8-3C14-B4D6-39A9EA8B0FC2}.Release|Any CPU.Build.0 = Release|Any CPU
		{6E23C5DF-D980-4E05-D16C-66283DB4DE66}.Debug|Any CPU.ActiveCfg = Debug|Any CPU
		{6E23C5DF-D980-4E05-D16C-66283DB4DE66}.Debug|Any CPU.Build.0 = Debug|Any CPU
		{6E23C5DF-D980-4E05-D16C-66283DB4DE66}.Release|Any CPU.ActiveCfg = Release|Any CPU
		{6E23C5DF-D980-4E05-D16C-66283DB4DE66}.Release|Any CPU.Build.0 = Release|Any CPU
		{CE6550B9-1BE7-FF6C-1128-C0D2D592E6AA}.Debug|Any CPU.ActiveCfg = Debug|Any CPU
		{CE6550B9-1BE7-FF6C-1128-C0D2D592E6AA}.Debug|Any CPU.Build.0 = Debug|Any CPU
		{CE6550B9-1BE7-FF6C-1128-C0D2D592E6AA}.Release|Any CPU.ActiveCfg = Release|Any CPU
		{CE6550B9-1BE7-FF6C-1128-C0D2D592E6AA}.Release|Any CPU.Build.0 = Release|Any CPU
		{10C54F97-6359-4A97-5A94-1E2A04F856A9}.Debug|Any CPU.ActiveCfg = Debug|Any CPU
		{10C54F97-6359-4A97-5A94-1E2A04F856A9}.Debug|Any CPU.Build.0 = Debug|Any CPU
		{10C54F97-6359-4A97-5A94-1E2A04F856A9}.Release|Any CPU.ActiveCfg = Release|Any CPU
		{10C54F97-6359-4A97-5A94-1E2A04F856A9}.Release|Any CPU.Build.0 = Release|Any CPU
		{87B346B0-284B-254B-C81E-6FEB6A3D9594}.Debug|Any CPU.ActiveCfg = Debug|Any CPU
		{87B346B0-284B-254B-C81E-6FEB6A3D9594}.Debug|Any CPU.Build.0 = Debug|Any CPU
		{87B346B0-284B-254B-C81E-6FEB6A3D9594}.Release|Any CPU.ActiveCfg = Release|Any CPU
		{87B346B0-284B-254B-C81E-6FEB6A3D9594}.Release|Any CPU.Build.0 = Release|Any CPU
		{A9E550B2-F3B1-36C1-70DD-B0B32E4FA02D}.Debug|Any CPU.ActiveCfg = Debug|Any CPU
		{A9E550B2-F3B1-36C1-70DD-B0B32E4FA02D}.Debug|Any CPU.Build.0 = Debug|Any CPU
		{A9E550B2-F3B1-36C1-70DD-B0B32E4FA02D}.Release|Any CPU.ActiveCfg = Release|Any CPU
		{A9E550B2-F3B1-36C1-70DD-B0B32E4FA02D}.Release|Any CPU.Build.0 = Release|Any CPU
		{CF0BD1A7-18AB-36D3-4ADC-B1319C2C081C}.Debug|Any CPU.ActiveCfg = Debug|Any CPU
		{CF0BD1A7-18AB-36D3-4ADC-B1319C2C081C}.Debug|Any CPU.Build.0 = Debug|Any CPU
		{CF0BD1A7-18AB-36D3-4ADC-B1319C2C081C}.Release|Any CPU.ActiveCfg = Release|Any CPU
		{CF0BD1A7-18AB-36D3-4ADC-B1319C2C081C}.Release|Any CPU.Build.0 = Release|Any CPU
		{879EF6C0-8D17-0875-1B4A-E69391063321}.Debug|Any CPU.ActiveCfg = Debug|Any CPU
		{879EF6C0-8D17-0875-1B4A-E69391063321}.Debug|Any CPU.Build.0 = Debug|Any CPU
		{879EF6C0-8D17-0875-1B4A-E69391063321}.Release|Any CPU.ActiveCfg = Release|Any CPU
		{879EF6C0-8D17-0875-1B4A-E69391063321}.Release|Any CPU.Build.0 = Release|Any CPU
	EndGlobalSection
	GlobalSection(SolutionProperties) = preSolution
		HideSolutionNode = FALSE
	EndGlobalSection
EndGlobal
