
Microsoft Visual Studio Solution File, Format Version 12.00
# Visual Studio 15
Project("{FAE04EC0-301F-11D3-BF4B-00C04F79EFBC}") = "UnityEngine.TestRunner", "UnityEngine.TestRunner.csproj", "{AD458E81-C698-116E-6269-75C94D9C2E70}"
EndProject
Project("{FAE04EC0-301F-11D3-BF4B-00C04F79EFBC}") = "Unity.Mathematics", "Unity.Mathematics.csproj", "{A749C734-56B5-491F-7EE3-22328D423E6E}"
EndProject
Project("{FAE04EC0-301F-11D3-BF4B-00C04F79EFBC}") = "Unity.2D.Animation.Triangle.Runtime", "Unity.2D.Animation.Triangle.Runtime.csproj", "{0FDE285D-7E34-6438-A81E-A5C9BD9C74E7}"
EndProject
Project("{FAE04EC0-301F-11D3-BF4B-00C04F79EFBC}") = "Unity.Timeline", "Unity.Timeline.csproj", "{CB9FBB1B-A55A-BC90-D575-61BF0EEF7D54}"
EndProject
Project("{FAE04EC0-301F-11D3-BF4B-00C04F79EFBC}") = "UnityEngine.UI", "UnityEngine.UI.csproj", "{2E1F63CA-F18D-720F-72E5-107CD04F267F}"
EndProject
Project("{FAE04EC0-301F-11D3-BF4B-00C04F79EFBC}") = "Unity.TextMeshPro", "Unity.TextMeshPro.csproj", "{F06E5A2E-1695-47B4-4917-3F4207AF65D9}"
EndProject
Project("{FAE04EC0-301F-11D3-BF4B-00C04F79EFBC}") = "Unity.2D.Animation.Runtime", "Unity.2D.Animation.Runtime.csproj", "{53DFF8F6-F331-C476-3C2D-D4572E7AFE0E}"
EndProject
Project("{FAE04EC0-301F-11D3-BF4B-00C04F79EFBC}") = "Unity.2D.IK.Runtime", "Unity.2D.IK.Runtime.csproj", "{F0A7A218-6BE3-B79D-D133-02BE101AB1C1}"
EndProject
Project("{FAE04EC0-301F-11D3-BF4B-00C04F79EFBC}") = "Unity.2D.SpriteShape.Runtime", "Unity.2D.SpriteShape.Runtime.csproj", "{483D6BCE-2AA0-32C2-A1C9-E4130B02E20C}"
EndProject
Project("{FAE04EC0-301F-11D3-BF4B-00C04F79EFBC}") = "Assembly-CSharp", "Assembly-CSharp.csproj", "{E3EF6E53-88BE-20EB-65C7-C65330B49779}"
EndProject
Project("{FAE04EC0-301F-11D3-BF4B-00C04F79EFBC}") = "Unity.2D.PixelPerfect", "Unity.2D.PixelPerfect.csproj", "{E56D67D5-A22E-DE98-D787-A6C54784B455}"
EndProject
Project("{FAE04EC0-301F-11D3-BF4B-00C04F79EFBC}") = "Unity.2D.Common.Runtime", "Unity.2D.Common.Runtime.csproj", "{D9E88324-E32B-657F-8EE7-F26A6F8FD563}"
EndProject
Project("{FAE04EC0-301F-11D3-BF4B-00C04F79EFBC}") = "Unity.InternalAPIEngineBridge.001", "Unity.InternalAPIEngineBridge.001.csproj", "{698601C1-E216-3963-5770-64DAF6FDB079}"
EndProject
Project("{FAE04EC0-301F-11D3-BF4B-00C04F79EFBC}") = "UnityEditor.TestRunner", "UnityEditor.TestRunner.csproj", "{6753E178-0263-A539-6CEC-4236B0BB15FA}"
EndProject
Project("{FAE04EC0-301F-11D3-BF4B-00C04F79EFBC}") = "Unity.PlasticSCM.Editor", "Unity.PlasticSCM.Editor.csproj", "{51CDBFA7-88DA-36B9-B6E7-DE5D5DB461B5}"
EndProject
Project("{FAE04EC0-301F-11D3-BF4B-00C04F79EFBC}") = "UnityEditor.UI", "UnityEditor.UI.csproj", "{0068377A-9480-6CD4-1F65-C2FA53B1E099}"
EndProject
Project("{FAE04EC0-301F-11D3-BF4B-00C04F79EFBC}") = "Unity.Timeline.Editor", "Unity.Timeline.Editor.csproj", "{C024ACBE-CFDF-04C6-7D4A-07B23FE24F6B}"
EndProject
Project("{FAE04EC0-301F-11D3-BF4B-00C04F79EFBC}") = "Unity.VisualStudio.Editor", "Unity.VisualStudio.Editor.csproj", "{046E4E8B-0680-4F66-F44C-8F9B5C657D9F}"
EndProject
Project("{FAE04EC0-301F-11D3-BF4B-00C04F79EFBC}") = "Unity.2D.Psdimporter.Editor", "Unity.2D.Psdimporter.Editor.csproj", "{C1CA0E7B-D2F6-1DAC-4AC6-AC4EF5410281}"
EndProject
Project("{FAE04EC0-301F-11D3-BF4B-00C04F79EFBC}") = "Unity.2D.Animation.Editor", "Unity.2D.Animation.Editor.csproj", "{B6378FE3-A9B1-986F-CF5C-12A14A43E209}"
EndProject
Project("{FAE04EC0-301F-11D3-BF4B-00C04F79EFBC}") = "Unity.TextMeshPro.Editor", "Unity.TextMeshPro.Editor.csproj", "{DE9E4D1A-0C96-EE3A-2E98-7E3AF7235BD7}"
EndProject
Project("{FAE04EC0-301F-11D3-BF4B-00C04F79EFBC}") = "Unity.2D.SpriteShape.Editor", "Unity.2D.SpriteShape.Editor.csproj", "{CFEF03BF-E1C0-415C-754C-F6500C07DE47}"
EndProject
Project("{FAE04EC0-301F-11D3-BF4B-00C04F79EFBC}") = "Unity.CollabProxy.Editor", "Unity.CollabProxy.Editor.csproj", "{A4310CBF-BB11-AA77-EC87-924D5BD0E369}"
EndProject
Project("{FAE04EC0-301F-11D3-BF4B-00C04F79EFBC}") = "PsdPlugin", "PsdPlugin.csproj", "{727DE84D-7596-E851-C9FD-1E33E3485669}"
EndProject
Project("{FAE04EC0-301F-11D3-BF4B-00C04F79EFBC}") = "Unity.2D.Path.Editor", "Unity.2D.Path.Editor.csproj", "{3970CB34-5A11-54D4-5D42-309ECF4BEC68}"
EndProject
Project("{FAE04EC0-301F-11D3-BF4B-00C04F79EFBC}") = "Unity.Rider.Editor", "Unity.Rider.Editor.csproj", "{6274BDC8-4DAC-9143-31BB-B76A6F9C39B6}"
EndProject
Project("{FAE04EC0-301F-11D3-BF4B-00C04F79EFBC}") = "Unity.2D.IK.Editor", "Unity.2D.IK.Editor.csproj", "{683AC31C-DC49-DC58-7435-D16A0961959D}"
EndProject
Project("{FAE04EC0-301F-11D3-BF4B-00C04F79EFBC}") = "Unity.2D.Sprite.Editor", "Unity.2D.Sprite.Editor.csproj", "{2E03ED31-C01C-97B7-8B99-56F001D368F9}"
EndProject
Project("{FAE04EC0-301F-11D3-BF4B-00C04F79EFBC}") = "Unity.2D.Tilemap.Editor", "Unity.2D.Tilemap.Editor.csproj", "{F3B6BD2E-030B-5876-91BB-5376B5354891}"
EndProject
Project("{FAE04EC0-301F-11D3-BF4B-00C04F79EFBC}") = "Unity.2D.PixelPerfect.Editor", "Unity.2D.PixelPerfect.Editor.csproj", "{B1AEF954-567B-BD45-F59E-CC8505C9373F}"
EndProject
Project("{FAE04EC0-301F-11D3-BF4B-00C04F79EFBC}") = "Unity.VSCode.Editor", "Unity.VSCode.Editor.csproj", "{F37AD8E3-30C4-B39A-FD1F-05F746203349}"
EndProject
Project("{FAE04EC0-301F-11D3-BF4B-00C04F79EFBC}") = "Unity.2D.Common.Editor", "Unity.2D.Common.Editor.csproj", "{A0D304EF-2EEB-295D-64EB-54B7E3589E8F}"
EndProject
Project("{FAE04EC0-301F-11D3-BF4B-00C04F79EFBC}") = "Unity.Mathematics.Editor", "Unity.Mathematics.Editor.csproj", "{C01D8419-AA0A-EAF9-F3B9-8D3667118C18}"
EndProject
Project("{FAE04EC0-301F-11D3-BF4B-00C04F79EFBC}") = "Unity.InternalAPIEditorBridge.001", "Unity.InternalAPIEditorBridge.001.csproj", "{4DD91D23-F42E-B1B3-D699-9B755A5549A3}"
EndProject
Project("{FAE04EC0-301F-11D3-BF4B-00C04F79EFBC}") = "UnityEngine.TestRunner", "UnityEngine.TestRunner.Player.csproj", "{5B37295E-3190-BF7C-99E2-2FE98FC98087}"
EndProject
Project("{FAE04EC0-301F-11D3-BF4B-00C04F79EFBC}") = "Unity.Mathematics", "Unity.Mathematics.Player.csproj", "{20E5B28F-F145-27FE-60AF-B3C5271A7560}"
EndProject
Project("{FAE04EC0-301F-11D3-BF4B-00C04F79EFBC}") = "Unity.2D.Animation.Triangle.Runtime", "Unity.2D.Animation.Triangle.Runtime.Player.csproj", "{EB1FE00A-1127-55EC-51BA-9E0CCA58AA6B}"
EndProject
Project("{FAE04EC0-301F-11D3-BF4B-00C04F79EFBC}") = "Unity.Timeline", "Unity.Timeline.Player.csproj", "{9DCB3B12-A688-69B3-ED96-348B4FA2679A}"
EndProject
Project("{FAE04EC0-301F-11D3-BF4B-00C04F79EFBC}") = "UnityEngine.UI", "UnityEngine.UI.Player.csproj", "{B5A35C7E-838E-5035-BA5A-2D1FF196C310}"
EndProject
Project("{FAE04EC0-301F-11D3-BF4B-00C04F79EFBC}") = "Unity.TextMeshPro", "Unity.TextMeshPro.Player.csproj", "{7D7850A1-F433-FFAF-C0E3-AFA783E5F42A}"
EndProject
Project("{FAE04EC0-301F-11D3-BF4B-00C04F79EFBC}") = "Unity.2D.Animation.Runtime", "Unity.2D.Animation.Runtime.Player.csproj", "{F7206C9E-5D18-1159-0A3B-BFABF5E321A4}"
EndProject
Project("{FAE04EC0-301F-11D3-BF4B-00C04F79EFBC}") = "Unity.2D.IK.Runtime", "Unity.2D.IK.Runtime.Player.csproj", "{F2576E0F-CAE1-2537-3CEF-4E8EBB349B9E}"
EndProject
Project("{FAE04EC0-301F-11D3-BF4B-00C04F79EFBC}") = "Unity.2D.SpriteShape.Runtime", "Unity.2D.SpriteShape.Runtime.Player.csproj", "{48DD87FD-F844-B6FA-09DC-6E69E6630F36}"
EndProject
Project("{FAE04EC0-301F-11D3-BF4B-00C04F79EFBC}") = "Assembly-CSharp", "Assembly-CSharp.Player.csproj", "{3C80D412-C65E-2EAD-940A-F31119B166F2}"
EndProject
Project("{FAE04EC0-301F-11D3-BF4B-00C04F79EFBC}") = "Unity.2D.PixelPerfect", "Unity.2D.PixelPerfect.Player.csproj", "{C73A4513-B453-D4A1-2C31-BAEC8BEDEDF0}"
EndProject
Project("{FAE04EC0-301F-11D3-BF4B-00C04F79EFBC}") = "Unity.2D.Common.Runtime", "Unity.2D.Common.Runtime.Player.csproj", "{5FFEB9A9-D8AF-4D0C-CA7D-EBCA4D577591}"
EndProject
Project("{FAE04EC0-301F-11D3-BF4B-00C04F79EFBC}") = "Unity.InternalAPIEngineBridge.001", "Unity.InternalAPIEngineBridge.001.Player.csproj", "{68EC5BE2-E903-D1C8-2876-FCCA567774DC}"
EndProject
Global
	GlobalSection(SolutionConfigurationPlatforms) = preSolution
		Debug|Any CPU = Debug|Any CPU
		Release|Any CPU = Release|Any CPU
	EndGlobalSection
	GlobalSection(ProjectConfigurationPlatforms) = postSolution
		{AD458E81-C698-116E-6269-75C94D9C2E70}.Debug|Any CPU.ActiveCfg = Debug|Any CPU
		{AD458E81-C698-116E-6269-75C94D9C2E70}.Debug|Any CPU.Build.0 = Debug|Any CPU
		{AD458E81-C698-116E-6269-75C94D9C2E70}.Release|Any CPU.ActiveCfg = Release|Any CPU
		{AD458E81-C698-116E-6269-75C94D9C2E70}.Release|Any CPU.Build.0 = Release|Any CPU
		{A749C734-56B5-491F-7EE3-22328D423E6E}.Debug|Any CPU.ActiveCfg = Debug|Any CPU
		{A749C734-56B5-491F-7EE3-22328D423E6E}.Debug|Any CPU.Build.0 = Debug|Any CPU
		{A749C734-56B5-491F-7EE3-22328D423E6E}.Release|Any CPU.ActiveCfg = Release|Any CPU
		{A749C734-56B5-491F-7EE3-22328D423E6E}.Release|Any CPU.Build.0 = Release|Any CPU
		{0FDE285D-7E34-6438-A81E-A5C9BD9C74E7}.Debug|Any CPU.ActiveCfg = Debug|Any CPU
		{0FDE285D-7E34-6438-A81E-A5C9BD9C74E7}.Debug|Any CPU.Build.0 = Debug|Any CPU
		{0FDE285D-7E34-6438-A81E-A5C9BD9C74E7}.Release|Any CPU.ActiveCfg = Release|Any CPU
		{0FDE285D-7E34-6438-A81E-A5C9BD9C74E7}.Release|Any CPU.Build.0 = Release|Any CPU
		{CB9FBB1B-A55A-BC90-D575-61BF0EEF7D54}.Debug|Any CPU.ActiveCfg = Debug|Any CPU
		{CB9FBB1B-A55A-BC90-D575-61BF0EEF7D54}.Debug|Any CPU.Build.0 = Debug|Any CPU
		{CB9FBB1B-A55A-BC90-D575-61BF0EEF7D54}.Release|Any CPU.ActiveCfg = Release|Any CPU
		{CB9FBB1B-A55A-BC90-D575-61BF0EEF7D54}.Release|Any CPU.Build.0 = Release|Any CPU
		{2E1F63CA-F18D-720F-72E5-107CD04F267F}.Debug|Any CPU.ActiveCfg = Debug|Any CPU
		{2E1F63CA-F18D-720F-72E5-107CD04F267F}.Debug|Any CPU.Build.0 = Debug|Any CPU
		{2E1F63CA-F18D-720F-72E5-107CD04F267F}.Release|Any CPU.ActiveCfg = Release|Any CPU
		{2E1F63CA-F18D-720F-72E5-107CD04F267F}.Release|Any CPU.Build.0 = Release|Any CPU
		{F06E5A2E-1695-47B4-4917-3F4207AF65D9}.Debug|Any CPU.ActiveCfg = Debug|Any CPU
		{F06E5A2E-1695-47B4-4917-3F4207AF65D9}.Debug|Any CPU.Build.0 = Debug|Any CPU
		{F06E5A2E-1695-47B4-4917-3F4207AF65D9}.Release|Any CPU.ActiveCfg = Release|Any CPU
		{F06E5A2E-1695-47B4-4917-3F4207AF65D9}.Release|Any CPU.Build.0 = Release|Any CPU
		{53DFF8F6-F331-C476-3C2D-D4572E7AFE0E}.Debug|Any CPU.ActiveCfg = Debug|Any CPU
		{53DFF8F6-F331-C476-3C2D-D4572E7AFE0E}.Debug|Any CPU.Build.0 = Debug|Any CPU
		{53DFF8F6-F331-C476-3C2D-D4572E7AFE0E}.Release|Any CPU.ActiveCfg = Release|Any CPU
		{53DFF8F6-F331-C476-3C2D-D4572E7AFE0E}.Release|Any CPU.Build.0 = Release|Any CPU
		{F0A7A218-6BE3-B79D-D133-02BE101AB1C1}.Debug|Any CPU.ActiveCfg = Debug|Any CPU
		{F0A7A218-6BE3-B79D-D133-02BE101AB1C1}.Debug|Any CPU.Build.0 = Debug|Any CPU
		{F0A7A218-6BE3-B79D-D133-02BE101AB1C1}.Release|Any CPU.ActiveCfg = Release|Any CPU
		{F0A7A218-6BE3-B79D-D133-02BE101AB1C1}.Release|Any CPU.Build.0 = Release|Any CPU
		{483D6BCE-2AA0-32C2-A1C9-E4130B02E20C}.Debug|Any CPU.ActiveCfg = Debug|Any CPU
		{483D6BCE-2AA0-32C2-A1C9-E4130B02E20C}.Debug|Any CPU.Build.0 = Debug|Any CPU
		{483D6BCE-2AA0-32C2-A1C9-E4130B02E20C}.Release|Any CPU.ActiveCfg = Release|Any CPU
		{483D6BCE-2AA0-32C2-A1C9-E4130B02E20C}.Release|Any CPU.Build.0 = Release|Any CPU
		{E3EF6E53-88BE-20EB-65C7-C65330B49779}.Debug|Any CPU.ActiveCfg = Debug|Any CPU
		{E3EF6E53-88BE-20EB-65C7-C65330B49779}.Debug|Any CPU.Build.0 = Debug|Any CPU
		{E3EF6E53-88BE-20EB-65C7-C65330B49779}.Release|Any CPU.ActiveCfg = Release|Any CPU
		{E3EF6E53-88BE-20EB-65C7-C65330B49779}.Release|Any CPU.Build.0 = Release|Any CPU
		{E56D67D5-A22E-DE98-D787-A6C54784B455}.Debug|Any CPU.ActiveCfg = Debug|Any CPU
		{E56D67D5-A22E-DE98-D787-A6C54784B455}.Debug|Any CPU.Build.0 = Debug|Any CPU
		{E56D67D5-A22E-DE98-D787-A6C54784B455}.Release|Any CPU.ActiveCfg = Release|Any CPU
		{E56D67D5-A22E-DE98-D787-A6C54784B455}.Release|Any CPU.Build.0 = Release|Any CPU
		{D9E88324-E32B-657F-8EE7-F26A6F8FD563}.Debug|Any CPU.ActiveCfg = Debug|Any CPU
		{D9E88324-E32B-657F-8EE7-F26A6F8FD563}.Debug|Any CPU.Build.0 = Debug|Any CPU
		{D9E88324-E32B-657F-8EE7-F26A6F8FD563}.Release|Any CPU.ActiveCfg = Release|Any CPU
		{D9E88324-E32B-657F-8EE7-F26A6F8FD563}.Release|Any CPU.Build.0 = Release|Any CPU
		{698601C1-E216-3963-5770-64DAF6FDB079}.Debug|Any CPU.ActiveCfg = Debug|Any CPU
		{698601C1-E216-3963-5770-64DAF6FDB079}.Debug|Any CPU.Build.0 = Debug|Any CPU
		{698601C1-E216-3963-5770-64DAF6FDB079}.Release|Any CPU.ActiveCfg = Release|Any CPU
		{698601C1-E216-3963-5770-64DAF6FDB079}.Release|Any CPU.Build.0 = Release|Any CPU
		{6753E178-0263-A539-6CEC-4236B0BB15FA}.Debug|Any CPU.ActiveCfg = Debug|Any CPU
		{6753E178-0263-A539-6CEC-4236B0BB15FA}.Debug|Any CPU.Build.0 = Debug|Any CPU
		{6753E178-0263-A539-6CEC-4236B0BB15FA}.Release|Any CPU.ActiveCfg = Release|Any CPU
		{6753E178-0263-A539-6CEC-4236B0BB15FA}.Release|Any CPU.Build.0 = Release|Any CPU
		{51CDBFA7-88DA-36B9-B6E7-DE5D5DB461B5}.Debug|Any CPU.ActiveCfg = Debug|Any CPU
		{51CDBFA7-88DA-36B9-B6E7-DE5D5DB461B5}.Debug|Any CPU.Build.0 = Debug|Any CPU
		{51CDBFA7-88DA-36B9-B6E7-DE5D5DB461B5}.Release|Any CPU.ActiveCfg = Release|Any CPU
		{51CDBFA7-88DA-36B9-B6E7-DE5D5DB461B5}.Release|Any CPU.Build.0 = Release|Any CPU
		{0068377A-9480-6CD4-1F65-C2FA53B1E099}.Debug|Any CPU.ActiveCfg = Debug|Any CPU
		{0068377A-9480-6CD4-1F65-C2FA53B1E099}.Debug|Any CPU.Build.0 = Debug|Any CPU
		{0068377A-9480-6CD4-1F65-C2FA53B1E099}.Release|Any CPU.ActiveCfg = Release|Any CPU
		{0068377A-9480-6CD4-1F65-C2FA53B1E099}.Release|Any CPU.Build.0 = Release|Any CPU
		{C024ACBE-CFDF-04C6-7D4A-07B23FE24F6B}.Debug|Any CPU.ActiveCfg = Debug|Any CPU
		{C024ACBE-CFDF-04C6-7D4A-07B23FE24F6B}.Debug|Any CPU.Build.0 = Debug|Any CPU
		{C024ACBE-CFDF-04C6-7D4A-07B23FE24F6B}.Release|Any CPU.ActiveCfg = Release|Any CPU
		{C024ACBE-CFDF-04C6-7D4A-07B23FE24F6B}.Release|Any CPU.Build.0 = Release|Any CPU
		{046E4E8B-0680-4F66-F44C-8F9B5C657D9F}.Debug|Any CPU.ActiveCfg = Debug|Any CPU
		{046E4E8B-0680-4F66-F44C-8F9B5C657D9F}.Debug|Any CPU.Build.0 = Debug|Any CPU
		{046E4E8B-0680-4F66-F44C-8F9B5C657D9F}.Release|Any CPU.ActiveCfg = Release|Any CPU
		{046E4E8B-0680-4F66-F44C-8F9B5C657D9F}.Release|Any CPU.Build.0 = Release|Any CPU
		{C1CA0E7B-D2F6-1DAC-4AC6-AC4EF5410281}.Debug|Any CPU.ActiveCfg = Debug|Any CPU
		{C1CA0E7B-D2F6-1DAC-4AC6-AC4EF5410281}.Debug|Any CPU.Build.0 = Debug|Any CPU
		{C1CA0E7B-D2F6-1DAC-4AC6-AC4EF5410281}.Release|Any CPU.ActiveCfg = Release|Any CPU
		{C1CA0E7B-D2F6-1DAC-4AC6-AC4EF5410281}.Release|Any CPU.Build.0 = Release|Any CPU
		{B6378FE3-A9B1-986F-CF5C-12A14A43E209}.Debug|Any CPU.ActiveCfg = Debug|Any CPU
		{B6378FE3-A9B1-986F-CF5C-12A14A43E209}.Debug|Any CPU.Build.0 = Debug|Any CPU
		{B6378FE3-A9B1-986F-CF5C-12A14A43E209}.Release|Any CPU.ActiveCfg = Release|Any CPU
		{B6378FE3-A9B1-986F-CF5C-12A14A43E209}.Release|Any CPU.Build.0 = Release|Any CPU
		{DE9E4D1A-0C96-EE3A-2E98-7E3AF7235BD7}.Debug|Any CPU.ActiveCfg = Debug|Any CPU
		{DE9E4D1A-0C96-EE3A-2E98-7E3AF7235BD7}.Debug|Any CPU.Build.0 = Debug|Any CPU
		{DE9E4D1A-0C96-EE3A-2E98-7E3AF7235BD7}.Release|Any CPU.ActiveCfg = Release|Any CPU
		{DE9E4D1A-0C96-EE3A-2E98-7E3AF7235BD7}.Release|Any CPU.Build.0 = Release|Any CPU
		{CFEF03BF-E1C0-415C-754C-F6500C07DE47}.Debug|Any CPU.ActiveCfg = Debug|Any CPU
		{CFEF03BF-E1C0-415C-754C-F6500C07DE47}.Debug|Any CPU.Build.0 = Debug|Any CPU
		{CFEF03BF-E1C0-415C-754C-F6500C07DE47}.Release|Any CPU.ActiveCfg = Release|Any CPU
		{CFEF03BF-E1C0-415C-754C-F6500C07DE47}.Release|Any CPU.Build.0 = Release|Any CPU
		{A4310CBF-BB11-AA77-EC87-924D5BD0E369}.Debug|Any CPU.ActiveCfg = Debug|Any CPU
		{A4310CBF-BB11-AA77-EC87-924D5BD0E369}.Debug|Any CPU.Build.0 = Debug|Any CPU
		{A4310CBF-BB11-AA77-EC87-924D5BD0E369}.Release|Any CPU.ActiveCfg = Release|Any CPU
		{A4310CBF-BB11-AA77-EC87-924D5BD0E369}.Release|Any CPU.Build.0 = Release|Any CPU
		{727DE84D-7596-E851-C9FD-1E33E3485669}.Debug|Any CPU.ActiveCfg = Debug|Any CPU
		{727DE84D-7596-E851-C9FD-1E33E3485669}.Debug|Any CPU.Build.0 = Debug|Any CPU
		{727DE84D-7596-E851-C9FD-1E33E3485669}.Release|Any CPU.ActiveCfg = Release|Any CPU
		{727DE84D-7596-E851-C9FD-1E33E3485669}.Release|Any CPU.Build.0 = Release|Any CPU
		{3970CB34-5A11-54D4-5D42-309ECF4BEC68}.Debug|Any CPU.ActiveCfg = Debug|Any CPU
		{3970CB34-5A11-54D4-5D42-309ECF4BEC68}.Debug|Any CPU.Build.0 = Debug|Any CPU
		{3970CB34-5A11-54D4-5D42-309ECF4BEC68}.Release|Any CPU.ActiveCfg = Release|Any CPU
		{3970CB34-5A11-54D4-5D42-309ECF4BEC68}.Release|Any CPU.Build.0 = Release|Any CPU
		{6274BDC8-4DAC-9143-31BB-B76A6F9C39B6}.Debug|Any CPU.ActiveCfg = Debug|Any CPU
		{6274BDC8-4DAC-9143-31BB-B76A6F9C39B6}.Debug|Any CPU.Build.0 = Debug|Any CPU
		{6274BDC8-4DAC-9143-31BB-B76A6F9C39B6}.Release|Any CPU.ActiveCfg = Release|Any CPU
		{6274BDC8-4DAC-9143-31BB-B76A6F9C39B6}.Release|Any CPU.Build.0 = Release|Any CPU
		{683AC31C-DC49-DC58-7435-D16A0961959D}.Debug|Any CPU.ActiveCfg = Debug|Any CPU
		{683AC31C-DC49-DC58-7435-D16A0961959D}.Debug|Any CPU.Build.0 = Debug|Any CPU
		{683AC31C-DC49-DC58-7435-D16A0961959D}.Release|Any CPU.ActiveCfg = Release|Any CPU
		{683AC31C-DC49-DC58-7435-D16A0961959D}.Release|Any CPU.Build.0 = Release|Any CPU
		{2E03ED31-C01C-97B7-8B99-56F001D368F9}.Debug|Any CPU.ActiveCfg = Debug|Any CPU
		{2E03ED31-C01C-97B7-8B99-56F001D368F9}.Debug|Any CPU.Build.0 = Debug|Any CPU
		{2E03ED31-C01C-97B7-8B99-56F001D368F9}.Release|Any CPU.ActiveCfg = Release|Any CPU
		{2E03ED31-C01C-97B7-8B99-56F001D368F9}.Release|Any CPU.Build.0 = Release|Any CPU
		{F3B6BD2E-030B-5876-91BB-5376B5354891}.Debug|Any CPU.ActiveCfg = Debug|Any CPU
		{F3B6BD2E-030B-5876-91BB-5376B5354891}.Debug|Any CPU.Build.0 = Debug|Any CPU
		{F3B6BD2E-030B-5876-91BB-5376B5354891}.Release|Any CPU.ActiveCfg = Release|Any CPU
		{F3B6BD2E-030B-5876-91BB-5376B5354891}.Release|Any CPU.Build.0 = Release|Any CPU
		{B1AEF954-567B-BD45-F59E-CC8505C9373F}.Debug|Any CPU.ActiveCfg = Debug|Any CPU
		{B1AEF954-567B-BD45-F59E-CC8505C9373F}.Debug|Any CPU.Build.0 = Debug|Any CPU
		{B1AEF954-567B-BD45-F59E-CC8505C9373F}.Release|Any CPU.ActiveCfg = Release|Any CPU
		{B1AEF954-567B-BD45-F59E-CC8505C9373F}.Release|Any CPU.Build.0 = Release|Any CPU
		{F37AD8E3-30C4-B39A-FD1F-05F746203349}.Debug|Any CPU.ActiveCfg = Debug|Any CPU
		{F37AD8E3-30C4-B39A-FD1F-05F746203349}.Debug|Any CPU.Build.0 = Debug|Any CPU
		{F37AD8E3-30C4-B39A-FD1F-05F746203349}.Release|Any CPU.ActiveCfg = Release|Any CPU
		{F37AD8E3-30C4-B39A-FD1F-05F746203349}.Release|Any CPU.Build.0 = Release|Any CPU
		{A0D304EF-2EEB-295D-64EB-54B7E3589E8F}.Debug|Any CPU.ActiveCfg = Debug|Any CPU
		{A0D304EF-2EEB-295D-64EB-54B7E3589E8F}.Debug|Any CPU.Build.0 = Debug|Any CPU
		{A0D304EF-2EEB-295D-64EB-54B7E3589E8F}.Release|Any CPU.ActiveCfg = Release|Any CPU
		{A0D304EF-2EEB-295D-64EB-54B7E3589E8F}.Release|Any CPU.Build.0 = Release|Any CPU
		{C01D8419-AA0A-EAF9-F3B9-8D3667118C18}.Debug|Any CPU.ActiveCfg = Debug|Any CPU
		{C01D8419-AA0A-EAF9-F3B9-8D3667118C18}.Debug|Any CPU.Build.0 = Debug|Any CPU
		{C01D8419-AA0A-EAF9-F3B9-8D3667118C18}.Release|Any CPU.ActiveCfg = Release|Any CPU
		{C01D8419-AA0A-EAF9-F3B9-8D3667118C18}.Release|Any CPU.Build.0 = Release|Any CPU
		{4DD91D23-F42E-B1B3-D699-9B755A5549A3}.Debug|Any CPU.ActiveCfg = Debug|Any CPU
		{4DD91D23-F42E-B1B3-D699-9B755A5549A3}.Debug|Any CPU.Build.0 = Debug|Any CPU
		{4DD91D23-F42E-B1B3-D699-9B755A5549A3}.Release|Any CPU.ActiveCfg = Release|Any CPU
		{4DD91D23-F42E-B1B3-D699-9B755A5549A3}.Release|Any CPU.Build.0 = Release|Any CPU
		{5B37295E-3190-BF7C-99E2-2FE98FC98087}.Debug|Any CPU.ActiveCfg = Debug|Any CPU
		{5B37295E-3190-BF7C-99E2-2FE98FC98087}.Debug|Any CPU.Build.0 = Debug|Any CPU
		{5B37295E-3190-BF7C-99E2-2FE98FC98087}.Release|Any CPU.ActiveCfg = Release|Any CPU
		{5B37295E-3190-BF7C-99E2-2FE98FC98087}.Release|Any CPU.Build.0 = Release|Any CPU
		{20E5B28F-F145-27FE-60AF-B3C5271A7560}.Debug|Any CPU.ActiveCfg = Debug|Any CPU
		{20E5B28F-F145-27FE-60AF-B3C5271A7560}.Debug|Any CPU.Build.0 = Debug|Any CPU
		{20E5B28F-F145-27FE-60AF-B3C5271A7560}.Release|Any CPU.ActiveCfg = Release|Any CPU
		{20E5B28F-F145-27FE-60AF-B3C5271A7560}.Release|Any CPU.Build.0 = Release|Any CPU
		{EB1FE00A-1127-55EC-51BA-9E0CCA58AA6B}.Debug|Any CPU.ActiveCfg = Debug|Any CPU
		{EB1FE00A-1127-55EC-51BA-9E0CCA58AA6B}.Debug|Any CPU.Build.0 = Debug|Any CPU
		{EB1FE00A-1127-55EC-51BA-9E0CCA58AA6B}.Release|Any CPU.ActiveCfg = Release|Any CPU
		{EB1FE00A-1127-55EC-51BA-9E0CCA58AA6B}.Release|Any CPU.Build.0 = Release|Any CPU
		{9DCB3B12-A688-69B3-ED96-348B4FA2679A}.Debug|Any CPU.ActiveCfg = Debug|Any CPU
		{9DCB3B12-A688-69B3-ED96-348B4FA2679A}.Debug|Any CPU.Build.0 = Debug|Any CPU
		{9DCB3B12-A688-69B3-ED96-348B4FA2679A}.Release|Any CPU.ActiveCfg = Release|Any CPU
		{9DCB3B12-A688-69B3-ED96-348B4FA2679A}.Release|Any CPU.Build.0 = Release|Any CPU
		{B5A35C7E-838E-5035-BA5A-2D1FF196C310}.Debug|Any CPU.ActiveCfg = Debug|Any CPU
		{B5A35C7E-838E-5035-BA5A-2D1FF196C310}.Debug|Any CPU.Build.0 = Debug|Any CPU
		{B5A35C7E-838E-5035-BA5A-2D1FF196C310}.Release|Any CPU.ActiveCfg = Release|Any CPU
		{B5A35C7E-838E-5035-BA5A-2D1FF196C310}.Release|Any CPU.Build.0 = Release|Any CPU
		{7D7850A1-F433-FFAF-C0E3-AFA783E5F42A}.Debug|Any CPU.ActiveCfg = Debug|Any CPU
		{7D7850A1-F433-FFAF-C0E3-AFA783E5F42A}.Debug|Any CPU.Build.0 = Debug|Any CPU
		{7D7850A1-F433-FFAF-C0E3-AFA783E5F42A}.Release|Any CPU.ActiveCfg = Release|Any CPU
		{7D7850A1-F433-FFAF-C0E3-AFA783E5F42A}.Release|Any CPU.Build.0 = Release|Any CPU
		{F7206C9E-5D18-1159-0A3B-BFABF5E321A4}.Debug|Any CPU.ActiveCfg = Debug|Any CPU
		{F7206C9E-5D18-1159-0A3B-BFABF5E321A4}.Debug|Any CPU.Build.0 = Debug|Any CPU
		{F7206C9E-5D18-1159-0A3B-BFABF5E321A4}.Release|Any CPU.ActiveCfg = Release|Any CPU
		{F7206C9E-5D18-1159-0A3B-BFABF5E321A4}.Release|Any CPU.Build.0 = Release|Any CPU
		{F2576E0F-CAE1-2537-3CEF-4E8EBB349B9E}.Debug|Any CPU.ActiveCfg = Debug|Any CPU
		{F2576E0F-CAE1-2537-3CEF-4E8EBB349B9E}.Debug|Any CPU.Build.0 = Debug|Any CPU
		{F2576E0F-CAE1-2537-3CEF-4E8EBB349B9E}.Release|Any CPU.ActiveCfg = Release|Any CPU
		{F2576E0F-CAE1-2537-3CEF-4E8EBB349B9E}.Release|Any CPU.Build.0 = Release|Any CPU
		{48DD87FD-F844-B6FA-09DC-6E69E6630F36}.Debug|Any CPU.ActiveCfg = Debug|Any CPU
		{48DD87FD-F844-B6FA-09DC-6E69E6630F36}.Debug|Any CPU.Build.0 = Debug|Any CPU
		{48DD87FD-F844-B6FA-09DC-6E69E6630F36}.Release|Any CPU.ActiveCfg = Release|Any CPU
		{48DD87FD-F844-B6FA-09DC-6E69E6630F36}.Release|Any CPU.Build.0 = Release|Any CPU
		{3C80D412-C65E-2EAD-940A-F31119B166F2}.Debug|Any CPU.ActiveCfg = Debug|Any CPU
		{3C80D412-C65E-2EAD-940A-F31119B166F2}.Debug|Any CPU.Build.0 = Debug|Any CPU
		{3C80D412-C65E-2EAD-940A-F31119B166F2}.Release|Any CPU.ActiveCfg = Release|Any CPU
		{3C80D412-C65E-2EAD-940A-F31119B166F2}.Release|Any CPU.Build.0 = Release|Any CPU
		{C73A4513-B453-D4A1-2C31-BAEC8BEDEDF0}.Debug|Any CPU.ActiveCfg = Debug|Any CPU
		{C73A4513-B453-D4A1-2C31-BAEC8BEDEDF0}.Debug|Any CPU.Build.0 = Debug|Any CPU
		{C73A4513-B453-D4A1-2C31-BAEC8BEDEDF0}.Release|Any CPU.ActiveCfg = Release|Any CPU
		{C73A4513-B453-D4A1-2C31-BAEC8BEDEDF0}.Release|Any CPU.Build.0 = Release|Any CPU
		{5FFEB9A9-D8AF-4D0C-CA7D-EBCA4D577591}.Debug|Any CPU.ActiveCfg = Debug|Any CPU
		{5FFEB9A9-D8AF-4D0C-CA7D-EBCA4D577591}.Debug|Any CPU.Build.0 = Debug|Any CPU
		{5FFEB9A9-D8AF-4D0C-CA7D-EBCA4D577591}.Release|Any CPU.ActiveCfg = Release|Any CPU
		{5FFEB9A9-D8AF-4D0C-CA7D-EBCA4D577591}.Release|Any CPU.Build.0 = Release|Any CPU
		{68EC5BE2-E903-D1C8-2876-FCCA567774DC}.Debug|Any CPU.ActiveCfg = Debug|Any CPU
		{68EC5BE2-E903-D1C8-2876-FCCA567774DC}.Debug|Any CPU.Build.0 = Debug|Any CPU
		{68EC5BE2-E903-D1C8-2876-FCCA567774DC}.Release|Any CPU.ActiveCfg = Release|Any CPU
		{68EC5BE2-E903-D1C8-2876-FCCA567774DC}.Release|Any CPU.Build.0 = Release|Any CPU
	EndGlobalSection
	GlobalSection(SolutionProperties) = preSolution
		HideSolutionNode = FALSE
	EndGlobalSection
EndGlobal
